
Microsoft Visual Studio Solution File, Format Version 12.00
# Visual Studio 15
VisualStudioVersion = 15.0.27130.2027
MinimumVisualStudioVersion = 10.0.40219.1
Project("{FAE04EC0-301F-11D3-BF4B-00C04F79EFBC}") = "RichCodeBox", "RichCodeBox\RichCodeBox.csproj", "{BE100FCF-051B-4802-81F1-8ADC2ACCF5B7}"
EndProject
Project("{2150E333-8FDC-42A3-9474-1A3956D46DE8}") = "1、Distributed", "1、Distributed", "{E2C52776-5763-4FB7-8C1D-533895F62A05}"
EndProject
Project("{FAE04EC0-301F-11D3-BF4B-00C04F79EFBC}") = "DataDistributed", "DataDistributed\DataDistributed.csproj", "{2FD3FD62-4B79-4F21-B37B-C82BA2950375}"
EndProject
Project("{2150E333-8FDC-42A3-9474-1A3956D46DE8}") = "2、OAuth", "2、OAuth", "{ACF2CB7F-B52A-426D-A8A7-31FCCA4B3858}"
EndProject
Project("{FAE04EC0-301F-11D3-BF4B-00C04F79EFBC}") = "OAuthenticationCode", "..\WebApplication3\WebApplication3\OAuthenticationCode.csproj", "{4ECE825D-B3E4-45FF-86D3-7769D5528CAC}"
EndProject
Project("{FAE04EC0-301F-11D3-BF4B-00C04F79EFBC}") = "OAuthCode", "OAuthCode\OAuthCode.csproj", "{A1A66ED5-C691-4E43-939F-5EDD66B95A74}"
EndProject
Project("{2150E333-8FDC-42A3-9474-1A3956D46DE8}") = "3、Other", "3、Other", "{858831E2-0B50-4C03-B45D-99A7E8B59FC3}"
EndProject
Project("{FAE04EC0-301F-11D3-BF4B-00C04F79EFBC}") = "MiddleWareApp", "MiddleWareApp\MiddleWareApp.csproj", "{8723B160-E315-43AF-8B10-D6DBBEB0FDE1}"
EndProject
Project("{FAE04EC0-301F-11D3-BF4B-00C04F79EFBC}") = "TiKuWorkbanch", "TiKuWorkbanch\TiKuWorkbanch.csproj", "{2D9B8ADB-95AE-453E-89D3-05E046538A40}"
EndProject
Project("{2150E333-8FDC-42A3-9474-1A3956D46DE8}") = "4、Linq", "4、Linq", "{FC36BA5D-286A-4D4E-B01B-012242ED7054}"
EndProject
Project("{FAE04EC0-301F-11D3-BF4B-00C04F79EFBC}") = "LinqToObject", "LinqToObject\LinqToObject.csproj", "{EDE23DBD-F823-40AA-AB08-9BF0779E7A27}"
EndProject
Project("{2150E333-8FDC-42A3-9474-1A3956D46DE8}") = "5、Excel", "5、Excel", "{22D2E941-4E59-4562-B9A8-188FA01C6C20}"
EndProject
Project("{FAE04EC0-301F-11D3-BF4B-00C04F79EFBC}") = "EPPlusApp", "EPPlusApp\EPPlusApp.csproj", "{EBB289A0-8712-42D1-A08C-5DBF2EFC8294}"
EndProject
Project("{2150E333-8FDC-42A3-9474-1A3956D46DE8}") = "6、Restful", "6、Restful", "{5CDA5A2D-A253-44D7-9607-22E950FAD0D6}"
EndProject
Project("{FAE04EC0-301F-11D3-BF4B-00C04F79EFBC}") = "RestApp", "RestApp\RestApp.csproj", "{104EE0F6-C654-4A93-97DA-0E0E72F19AF5}"
EndProject
Project("{2150E333-8FDC-42A3-9474-1A3956D46DE8}") = ".nuget", ".nuget", "{B2A6C2BA-CAC3-4192-AABE-DEB8F2B24A12}"
	ProjectSection(SolutionItems) = preProject
		.nuget\NuGet.Config = .nuget\NuGet.Config
		.nuget\NuGet.exe = .nuget\NuGet.exe
		.nuget\NuGet.targets = .nuget\NuGet.targets
	EndProjectSection
EndProject
Project("{FAE04EC0-301F-11D3-BF4B-00C04F79EFBC}") = "ClientCredentials", "ClientCredentials\ClientCredentials.csproj", "{B22B504B-B4CD-4ED1-88CF-F6F386E199D3}"
EndProject
Project("{FAE04EC0-301F-11D3-BF4B-00C04F79EFBC}") = "OAuth.Common", "OAuth.Common\OAuth.Common.csproj", "{22FFDDFA-5A5E-498D-8307-CE2340FFF3A3}"
EndProject
Project("{FAE04EC0-301F-11D3-BF4B-00C04F79EFBC}") = "AuthenticationCookieDemo", "AuthenticationCookieDemo\AuthenticationCookieDemo.csproj", "{0AEF649D-678A-45E0-8129-EAD270A1CEFB}"
EndProject
Project("{FAE04EC0-301F-11D3-BF4B-00C04F79EFBC}") = "AutoMapperApp", "AutoMapperApp\AutoMapperApp.csproj", "{EBA25AB5-DA13-4BE5-B085-325DEDFFB6F3}"
EndProject
Project("{FAE04EC0-301F-11D3-BF4B-00C04F79EFBC}") = "DotNetMQClient", "DotNetMQClient\DotNetMQClient.csproj", "{C61B419F-2018-438D-A0B6-D27865FA9243}"
EndProject
Project("{FAE04EC0-301F-11D3-BF4B-00C04F79EFBC}") = "H5", "H5\H5.csproj", "{98246907-A44B-4D50-88E6-6F46171A07DE}"
EndProject
Project("{2150E333-8FDC-42A3-9474-1A3956D46DE8}") = "7、APIGateway", "7、APIGateway", "{97280E87-A689-4C79-A587-246932F44FC9}"
EndProject
Project("{9A19103F-16F7-4668-BE54-9A1E7A4F7556}") = "APIGatewayApp", "APIGatewayApp\APIGatewayApp.csproj", "{C1C30D36-6978-43C2-96AC-7FD9892ADB1F}"
EndProject
Project("{9A19103F-16F7-4668-BE54-9A1E7A4F7556}") = "APIProductService", "APIProductService\APIProductService.csproj", "{51B351E1-AA03-47D5-8065-E8008660803D}"
EndProject
Project("{9A19103F-16F7-4668-BE54-9A1E7A4F7556}") = "APIUserService", "APIUserService\APIUserService.csproj", "{64F759C1-B3B9-4ACB-A530-3AE0A938056C}"
EndProject
Project("{2150E333-8FDC-42A3-9474-1A3956D46DE8}") = "8、IO", "8、IO", "{66ED88B4-166A-41CF-9CC5-68F370E446E9}"
EndProject
Project("{FAE04EC0-301F-11D3-BF4B-00C04F79EFBC}") = "IOApp", "IOApp\IOApp.csproj", "{460B0940-91A1-44D4-8E5C-B4B85DA96AF4}"
EndProject
Project("{2150E333-8FDC-42A3-9474-1A3956D46DE8}") = "9、Log", "9、Log", "{F39CAC13-E9E0-49A5-B6BC-E3C69D0A2EB9}"
EndProject
Project("{FAE04EC0-301F-11D3-BF4B-00C04F79EFBC}") = "NLogApp", "NLogApp\NLogApp.csproj", "{93368713-8DF0-4BAA-9D26-DF02B0AFB127}"
EndProject
Project("{FAE04EC0-301F-11D3-BF4B-00C04F79EFBC}") = "PollyApp", "Polly\PollyApp.csproj", "{D1112B41-5B13-44AA-8E0B-50847AC2830A}"
EndProject
Project("{2150E333-8FDC-42A3-9474-1A3956D46DE8}") = "X、Common", "X、Common", "{AC072787-947E-4BB3-A6DC-51F224AE80CA}"
EndProject
Project("{FAE04EC0-301F-11D3-BF4B-00C04F79EFBC}") = "Common", "Common\Common.csproj", "{4D65639C-2163-4039-9E5B-D2A155C1CA31}"
EndProject
Project("{FAE04EC0-301F-11D3-BF4B-00C04F79EFBC}") = "QuartzApp", "QuartzApp\QuartzApp.csproj", "{044CF9FB-9F94-4C17-9FAF-744A167FE184}"
EndProject
Project("{FAE04EC0-301F-11D3-BF4B-00C04F79EFBC}") = "Log4NetApp", "Log4NetApp\Log4NetApp.csproj", "{2DF9F6ED-254B-4613-99F3-037815337C5B}"
EndProject
Project("{FAE04EC0-301F-11D3-BF4B-00C04F79EFBC}") = "JWTSample", "JWTSample\JWTSample.csproj", "{F342A3F7-E685-4F66-90DB-7B186C936778}"
EndProject
Project("{FAE04EC0-301F-11D3-BF4B-00C04F79EFBC}") = "JWT.Owin.Sample", "JWT.Owin.Sample\JWT.Owin.Sample.csproj", "{BA375A79-D23E-4325-B4DE-16F54D4C1560}"
EndProject
Project("{FAE04EC0-301F-11D3-BF4B-00C04F79EFBC}") = "OAuthCommon", "OAuthCommon\OAuthCommon.csproj", "{B3C6C0CD-41C1-45CF-8B22-7AAC6210A6C3}"
EndProject
Project("{FAE04EC0-301F-11D3-BF4B-00C04F79EFBC}") = "OAuthAuthorizationServer", "OAuthAuthorizationServer\OAuthAuthorizationServer.csproj", "{8DAA4B62-6D7E-4003-AE59-5FB1D3572434}"
EndProject
Project("{FAE04EC0-301F-11D3-BF4B-00C04F79EFBC}") = "ImplicitGrant.Sample", "ImplicitGrant.Sample\ImplicitGrant.Sample.csproj", "{821B94B3-26B8-401A-922C-B21FDB81B75F}"
EndProject
Project("{FAE04EC0-301F-11D3-BF4B-00C04F79EFBC}") = "UnityApp.Sample", "IOCApp.Sample\UnityApp.Sample.csproj", "{35AA33EB-2DC7-429B-965A-EC67138B4CF5}"
EndProject
Project("{2150E333-8FDC-42A3-9474-1A3956D46DE8}") = "X2、UnitTest", "X2、UnitTest", "{0C862AC5-6ADE-46D5-8D1F-CBCC29DA0DCD}"
EndProject
Project("{FAE04EC0-301F-11D3-BF4B-00C04F79EFBC}") = "IOC.Autofac.Sample", "IOC.Autofac.Sample\IOC.Autofac.Sample.csproj", "{308FE39A-606B-4EB6-B7E7-81FA5E4BA94A}"
EndProject
Project("{FAE04EC0-301F-11D3-BF4B-00C04F79EFBC}") = "ZookeeperApp.Sample", "ZookeeperApp.Sample\ZookeeperApp.Sample.csproj", "{40A8D2B8-4F90-4325-99CD-C15FE2FB0056}"
EndProject
Project("{8BC9CEB8-8B4A-11D0-8D11-00A0C91BC942}") = "Capp.Sample", "Capp.Sample\Capp.Sample.vcxproj", "{A54DA0E5-8EF7-47F5-8809-FD45ABD05CB6}"
EndProject
Project("{2150E333-8FDC-42A3-9474-1A3956D46DE8}") = "X3、C++", "X3、C++", "{4D9014B7-2B9B-43B1-8598-EE8DA98F8D99}"
EndProject
Project("{2150E333-8FDC-42A3-9474-1A3956D46DE8}") = "X4、GDI", "X4、GDI", "{AB829C51-186F-4A9F-A0FC-DCE538EF860F}"
EndProject
Project("{8BC9CEB8-8B4A-11D0-8D11-00A0C91BC942}") = "WinApp.Sample", "WinApp.Sample\WinApp.Sample.vcxproj", "{B381BFEE-7F35-4B3A-A010-1660BBCE8328}"
EndProject
Project("{FAE04EC0-301F-11D3-BF4B-00C04F79EFBC}") = "WinFormGDI.Sample", "WinFormGDI.Sample\WinFormGDI.Sample.csproj", "{983D1AA7-CEE6-48CB-93C7-CF69D04148FC}"
EndProject
Project("{FAE04EC0-301F-11D3-BF4B-00C04F79EFBC}") = "HashApp.Sample", "HashApp.Sample\HashApp.Sample.csproj", "{93344579-EC95-4EA0-A86A-5094552D9E8F}"
EndProject
Project("{FAE04EC0-301F-11D3-BF4B-00C04F79EFBC}") = "WinformGDIEvent.Sample", "WinformGDIEvent.Sample\WinformGDIEvent.Sample.csproj", "{D4E11602-F828-458D-9C1D-820064E1F6A3}"
EndProject
Project("{2150E333-8FDC-42A3-9474-1A3956D46DE8}") = "X5、Tools", "X5、Tools", "{2E2299A4-4BBF-4F1D-8ABA-D9A2579AA1C3}"
EndProject
Project("{FAE04EC0-301F-11D3-BF4B-00C04F79EFBC}") = "TopshelfApp.Sample", "TopselfApp.Sample\TopshelfApp.Sample.csproj", "{38003313-F5AA-4018-ADD4-270778137CEA}"
EndProject
Project("{FAE04EC0-301F-11D3-BF4B-00C04F79EFBC}") = "DotNetWebDeploy", "DotNetWebDeploy\DotNetWebDeploy.csproj", "{9D3A662D-CC15-4DE5-B4B1-145309706184}"
EndProject
Project("{FAE04EC0-301F-11D3-BF4B-00C04F79EFBC}") = "ImageProcessingForm.Sample", "ImageProcessingForm.Sample\ImageProcessingForm.Sample.csproj", "{A81E0EB0-ADA9-4BBE-98E0-AF0F31E67F07}"
EndProject
Project("{FAE04EC0-301F-11D3-BF4B-00C04F79EFBC}") = "OpenCvForm.Sample", "OpenCvForm.Sample\OpenCvForm.Sample.csproj", "{0A737427-034B-4872-8FCC-A552CB60D672}"
EndProject
Project("{FAE04EC0-301F-11D3-BF4B-00C04F79EFBC}") = "HttpService.Sample", "HttpService.Sample\HttpService.Sample.csproj", "{0BD388B6-D12F-4BA8-B4A6-000007823210}"
EndProject
Project("{FAE04EC0-301F-11D3-BF4B-00C04F79EFBC}") = "WinformDrag.Sample", "WinformDrag.Sample\WinformDrag.Sample.csproj", "{10768FC3-7821-4BA3-8173-244B76F50F6A}"
EndProject
Project("{FAE04EC0-301F-11D3-BF4B-00C04F79EFBC}") = "HashAlgorithm.Sample", "HashAlgorithm.Sample\HashAlgorithm.Sample.csproj", "{B13AC5AF-E69B-44B1-AB2F-7F44712E408C}"
EndProject
Project("{FAE04EC0-301F-11D3-BF4B-00C04F79EFBC}") = "Redis.Sample", "Redis.Sample\Redis.Sample.csproj", "{31E6EF7F-CC6E-46C6-85B2-B018810E8DF3}"
EndProject
Project("{FAE04EC0-301F-11D3-BF4B-00C04F79EFBC}") = "RemotingServer.Sample", "RemotingServer.Sample\RemotingServer.Sample.csproj", "{5EE513B8-00F5-4EC7-A0A4-515BC9C63B51}"
EndProject
Project("{FAE04EC0-301F-11D3-BF4B-00C04F79EFBC}") = "RemotingClient.Sample", "RemotingClient.Sample\RemotingClient.Sample.csproj", "{ABA1EF6F-456E-4044-A833-E8CB0531D477}"
EndProject
Project("{FAE04EC0-301F-11D3-BF4B-00C04F79EFBC}") = "Redis.SubscribeServer", "Redis.SubscribeServer\Redis.SubscribeServer.csproj", "{AECDE870-E022-4C5B-956E-D0E283753165}"
EndProject
Project("{FAE04EC0-301F-11D3-BF4B-00C04F79EFBC}") = "Quartz.Web", "Quartz.Web\Quartz.Web.csproj", "{26BC202D-D361-458B-92FD-AB2CF325FC44}"
EndProject
Project("{2150E333-8FDC-42A3-9474-1A3956D46DE8}") = "X6、Web", "X6、Web", "{0D20B888-DEE4-4F8A-B875-21DE003A8AA8}"
EndProject
Project("{FAE04EC0-301F-11D3-BF4B-00C04F79EFBC}") = "AngularApp.Sample", "AngularApp.Sample\AngularApp.Sample.csproj", "{6EE34963-B99A-47A5-B96E-4159736FBEFC}"
EndProject
Project("{FAE04EC0-301F-11D3-BF4B-00C04F79EFBC}") = "SerializerApp", "SerializerApp\SerializerApp.csproj", "{FD4A481C-552E-4A69-B67F-72225C83B721}"
EndProject
Project("{FAE04EC0-301F-11D3-BF4B-00C04F79EFBC}") = "OpenGraphApp", "OpenGraphApp\OpenGraphApp.csproj", "{3AB81B6B-647B-48D4-B43C-57D699AEC3FD}"
EndProject
Project("{FAE04EC0-301F-11D3-BF4B-00C04F79EFBC}") = "WebSocket.Sample", "WebSocket.Sample\WebSocket.Sample.csproj", "{0FF6EAAE-1AD6-482A-ACD4-289D4F476E7D}"
EndProject
Project("{2150E333-8FDC-42A3-9474-1A3956D46DE8}") = "X7、NET", "X7、NET", "{0B068D39-B57C-4424-9BB8-438D8C4CE4C9}"
EndProject
Project("{FAE04EC0-301F-11D3-BF4B-00C04F79EFBC}") = "SocketServer", "SocketServer\SocketServer.csproj", "{BD3A0998-069E-4B11-A838-64190F8DC93C}"
EndProject
Project("{FAE04EC0-301F-11D3-BF4B-00C04F79EFBC}") = "SocketClient", "SocketClient\SocketClient.csproj", "{DB463687-9513-4DD3-94EE-3D47AC4E71DB}"
EndProject
Project("{FAE04EC0-301F-11D3-BF4B-00C04F79EFBC}") = "RequireJSApp.Sample", "RequireJSApp.Sample\RequireJSApp.Sample.csproj", "{24D19B53-0C9C-451E-A7BE-04B0BAFAABE7}"
EndProject
Project("{2150E333-8FDC-42A3-9474-1A3956D46DE8}") = "X8、Thrift", "X8、Thrift", "{4226794F-3EB8-4EEE-A946-D60A0998A5B0}"
EndProject
Project("{FAE04EC0-301F-11D3-BF4B-00C04F79EFBC}") = "ThriftServer", "ThriftServer\ThriftServer.csproj", "{0F514A37-36A8-413A-B1C4-961B8075DDF5}"
EndProject
Project("{FAE04EC0-301F-11D3-BF4B-00C04F79EFBC}") = "ThriftClient", "ThriftClient\ThriftClient.csproj", "{4ED5A4DA-3361-4EE9-9750-153915B99A92}"
EndProject
Project("{FAE04EC0-301F-11D3-BF4B-00C04F79EFBC}") = "ThriftService", "ThriftService\ThriftService.csproj", "{5BC57D31-F5B3-4E7A-9370-255179DE07F1}"
EndProject
Project("{2150E333-8FDC-42A3-9474-1A3956D46DE8}") = "thrifts", "thrifts", "{B7F726B4-000B-47CE-82E2-4A80551CAB5C}"
	ProjectSection(SolutionItems) = preProject
		D:\user.thrift = D:\user.thrift
	EndProjectSection
EndProject
Global
	GlobalSection(SolutionConfigurationPlatforms) = preSolution
		Debug|Any CPU = Debug|Any CPU
		Debug|x64 = Debug|x64
		Debug|x86 = Debug|x86
		Release|Any CPU = Release|Any CPU
		Release|x64 = Release|x64
		Release|x86 = Release|x86
	EndGlobalSection
	GlobalSection(ProjectConfigurationPlatforms) = postSolution
		{BE100FCF-051B-4802-81F1-8ADC2ACCF5B7}.Debug|Any CPU.ActiveCfg = Debug|Any CPU
		{BE100FCF-051B-4802-81F1-8ADC2ACCF5B7}.Debug|Any CPU.Build.0 = Debug|Any CPU
		{BE100FCF-051B-4802-81F1-8ADC2ACCF5B7}.Debug|x64.ActiveCfg = Debug|Any CPU
		{BE100FCF-051B-4802-81F1-8ADC2ACCF5B7}.Debug|x64.Build.0 = Debug|Any CPU
		{BE100FCF-051B-4802-81F1-8ADC2ACCF5B7}.Debug|x86.ActiveCfg = Debug|Any CPU
		{BE100FCF-051B-4802-81F1-8ADC2ACCF5B7}.Debug|x86.Build.0 = Debug|Any CPU
		{BE100FCF-051B-4802-81F1-8ADC2ACCF5B7}.Release|Any CPU.ActiveCfg = Release|Any CPU
		{BE100FCF-051B-4802-81F1-8ADC2ACCF5B7}.Release|Any CPU.Build.0 = Release|Any CPU
		{BE100FCF-051B-4802-81F1-8ADC2ACCF5B7}.Release|x64.ActiveCfg = Release|Any CPU
		{BE100FCF-051B-4802-81F1-8ADC2ACCF5B7}.Release|x64.Build.0 = Release|Any CPU
		{BE100FCF-051B-4802-81F1-8ADC2ACCF5B7}.Release|x86.ActiveCfg = Release|Any CPU
		{BE100FCF-051B-4802-81F1-8ADC2ACCF5B7}.Release|x86.Build.0 = Release|Any CPU
		{2FD3FD62-4B79-4F21-B37B-C82BA2950375}.Debug|Any CPU.ActiveCfg = Debug|Any CPU
		{2FD3FD62-4B79-4F21-B37B-C82BA2950375}.Debug|Any CPU.Build.0 = Debug|Any CPU
		{2FD3FD62-4B79-4F21-B37B-C82BA2950375}.Debug|x64.ActiveCfg = Debug|Any CPU
		{2FD3FD62-4B79-4F21-B37B-C82BA2950375}.Debug|x64.Build.0 = Debug|Any CPU
		{2FD3FD62-4B79-4F21-B37B-C82BA2950375}.Debug|x86.ActiveCfg = Debug|Any CPU
		{2FD3FD62-4B79-4F21-B37B-C82BA2950375}.Debug|x86.Build.0 = Debug|Any CPU
		{2FD3FD62-4B79-4F21-B37B-C82BA2950375}.Release|Any CPU.ActiveCfg = Release|Any CPU
		{2FD3FD62-4B79-4F21-B37B-C82BA2950375}.Release|Any CPU.Build.0 = Release|Any CPU
		{2FD3FD62-4B79-4F21-B37B-C82BA2950375}.Release|x64.ActiveCfg = Release|Any CPU
		{2FD3FD62-4B79-4F21-B37B-C82BA2950375}.Release|x64.Build.0 = Release|Any CPU
		{2FD3FD62-4B79-4F21-B37B-C82BA2950375}.Release|x86.ActiveCfg = Release|Any CPU
		{2FD3FD62-4B79-4F21-B37B-C82BA2950375}.Release|x86.Build.0 = Release|Any CPU
		{4ECE825D-B3E4-45FF-86D3-7769D5528CAC}.Debug|Any CPU.ActiveCfg = Debug|Any CPU
		{4ECE825D-B3E4-45FF-86D3-7769D5528CAC}.Debug|Any CPU.Build.0 = Debug|Any CPU
		{4ECE825D-B3E4-45FF-86D3-7769D5528CAC}.Debug|x64.ActiveCfg = Debug|Any CPU
		{4ECE825D-B3E4-45FF-86D3-7769D5528CAC}.Debug|x64.Build.0 = Debug|Any CPU
		{4ECE825D-B3E4-45FF-86D3-7769D5528CAC}.Debug|x86.ActiveCfg = Debug|Any CPU
		{4ECE825D-B3E4-45FF-86D3-7769D5528CAC}.Debug|x86.Build.0 = Debug|Any CPU
		{4ECE825D-B3E4-45FF-86D3-7769D5528CAC}.Release|Any CPU.ActiveCfg = Release|Any CPU
		{4ECE825D-B3E4-45FF-86D3-7769D5528CAC}.Release|Any CPU.Build.0 = Release|Any CPU
		{4ECE825D-B3E4-45FF-86D3-7769D5528CAC}.Release|x64.ActiveCfg = Release|Any CPU
		{4ECE825D-B3E4-45FF-86D3-7769D5528CAC}.Release|x64.Build.0 = Release|Any CPU
		{4ECE825D-B3E4-45FF-86D3-7769D5528CAC}.Release|x86.ActiveCfg = Release|Any CPU
		{4ECE825D-B3E4-45FF-86D3-7769D5528CAC}.Release|x86.Build.0 = Release|Any CPU
		{A1A66ED5-C691-4E43-939F-5EDD66B95A74}.Debug|Any CPU.ActiveCfg = Debug|Any CPU
		{A1A66ED5-C691-4E43-939F-5EDD66B95A74}.Debug|Any CPU.Build.0 = Debug|Any CPU
		{A1A66ED5-C691-4E43-939F-5EDD66B95A74}.Debug|x64.ActiveCfg = Debug|Any CPU
		{A1A66ED5-C691-4E43-939F-5EDD66B95A74}.Debug|x64.Build.0 = Debug|Any CPU
		{A1A66ED5-C691-4E43-939F-5EDD66B95A74}.Debug|x86.ActiveCfg = Debug|Any CPU
		{A1A66ED5-C691-4E43-939F-5EDD66B95A74}.Debug|x86.Build.0 = Debug|Any CPU
		{A1A66ED5-C691-4E43-939F-5EDD66B95A74}.Release|Any CPU.ActiveCfg = Release|Any CPU
		{A1A66ED5-C691-4E43-939F-5EDD66B95A74}.Release|Any CPU.Build.0 = Release|Any CPU
		{A1A66ED5-C691-4E43-939F-5EDD66B95A74}.Release|x64.ActiveCfg = Release|Any CPU
		{A1A66ED5-C691-4E43-939F-5EDD66B95A74}.Release|x64.Build.0 = Release|Any CPU
		{A1A66ED5-C691-4E43-939F-5EDD66B95A74}.Release|x86.ActiveCfg = Release|Any CPU
		{A1A66ED5-C691-4E43-939F-5EDD66B95A74}.Release|x86.Build.0 = Release|Any CPU
		{8723B160-E315-43AF-8B10-D6DBBEB0FDE1}.Debug|Any CPU.ActiveCfg = Debug|Any CPU
		{8723B160-E315-43AF-8B10-D6DBBEB0FDE1}.Debug|Any CPU.Build.0 = Debug|Any CPU
		{8723B160-E315-43AF-8B10-D6DBBEB0FDE1}.Debug|x64.ActiveCfg = Debug|Any CPU
		{8723B160-E315-43AF-8B10-D6DBBEB0FDE1}.Debug|x64.Build.0 = Debug|Any CPU
		{8723B160-E315-43AF-8B10-D6DBBEB0FDE1}.Debug|x86.ActiveCfg = Debug|Any CPU
		{8723B160-E315-43AF-8B10-D6DBBEB0FDE1}.Debug|x86.Build.0 = Debug|Any CPU
		{8723B160-E315-43AF-8B10-D6DBBEB0FDE1}.Release|Any CPU.ActiveCfg = Release|Any CPU
		{8723B160-E315-43AF-8B10-D6DBBEB0FDE1}.Release|Any CPU.Build.0 = Release|Any CPU
		{8723B160-E315-43AF-8B10-D6DBBEB0FDE1}.Release|x64.ActiveCfg = Release|Any CPU
		{8723B160-E315-43AF-8B10-D6DBBEB0FDE1}.Release|x64.Build.0 = Release|Any CPU
		{8723B160-E315-43AF-8B10-D6DBBEB0FDE1}.Release|x86.ActiveCfg = Release|Any CPU
		{8723B160-E315-43AF-8B10-D6DBBEB0FDE1}.Release|x86.Build.0 = Release|Any CPU
		{2D9B8ADB-95AE-453E-89D3-05E046538A40}.Debug|Any CPU.ActiveCfg = Debug|Any CPU
		{2D9B8ADB-95AE-453E-89D3-05E046538A40}.Debug|Any CPU.Build.0 = Debug|Any CPU
		{2D9B8ADB-95AE-453E-89D3-05E046538A40}.Debug|x64.ActiveCfg = Debug|Any CPU
		{2D9B8ADB-95AE-453E-89D3-05E046538A40}.Debug|x64.Build.0 = Debug|Any CPU
		{2D9B8ADB-95AE-453E-89D3-05E046538A40}.Debug|x86.ActiveCfg = Debug|Any CPU
		{2D9B8ADB-95AE-453E-89D3-05E046538A40}.Debug|x86.Build.0 = Debug|Any CPU
		{2D9B8ADB-95AE-453E-89D3-05E046538A40}.Release|Any CPU.ActiveCfg = Release|Any CPU
		{2D9B8ADB-95AE-453E-89D3-05E046538A40}.Release|Any CPU.Build.0 = Release|Any CPU
		{2D9B8ADB-95AE-453E-89D3-05E046538A40}.Release|x64.ActiveCfg = Release|Any CPU
		{2D9B8ADB-95AE-453E-89D3-05E046538A40}.Release|x64.Build.0 = Release|Any CPU
		{2D9B8ADB-95AE-453E-89D3-05E046538A40}.Release|x86.ActiveCfg = Release|Any CPU
		{2D9B8ADB-95AE-453E-89D3-05E046538A40}.Release|x86.Build.0 = Release|Any CPU
		{EDE23DBD-F823-40AA-AB08-9BF0779E7A27}.Debug|Any CPU.ActiveCfg = Debug|Any CPU
		{EDE23DBD-F823-40AA-AB08-9BF0779E7A27}.Debug|Any CPU.Build.0 = Debug|Any CPU
		{EDE23DBD-F823-40AA-AB08-9BF0779E7A27}.Debug|x64.ActiveCfg = Debug|Any CPU
		{EDE23DBD-F823-40AA-AB08-9BF0779E7A27}.Debug|x64.Build.0 = Debug|Any CPU
		{EDE23DBD-F823-40AA-AB08-9BF0779E7A27}.Debug|x86.ActiveCfg = Debug|Any CPU
		{EDE23DBD-F823-40AA-AB08-9BF0779E7A27}.Debug|x86.Build.0 = Debug|Any CPU
		{EDE23DBD-F823-40AA-AB08-9BF0779E7A27}.Release|Any CPU.ActiveCfg = Release|Any CPU
		{EDE23DBD-F823-40AA-AB08-9BF0779E7A27}.Release|Any CPU.Build.0 = Release|Any CPU
		{EDE23DBD-F823-40AA-AB08-9BF0779E7A27}.Release|x64.ActiveCfg = Release|Any CPU
		{EDE23DBD-F823-40AA-AB08-9BF0779E7A27}.Release|x64.Build.0 = Release|Any CPU
		{EDE23DBD-F823-40AA-AB08-9BF0779E7A27}.Release|x86.ActiveCfg = Release|Any CPU
		{EDE23DBD-F823-40AA-AB08-9BF0779E7A27}.Release|x86.Build.0 = Release|Any CPU
		{EBB289A0-8712-42D1-A08C-5DBF2EFC8294}.Debug|Any CPU.ActiveCfg = Debug|Any CPU
		{EBB289A0-8712-42D1-A08C-5DBF2EFC8294}.Debug|Any CPU.Build.0 = Debug|Any CPU
		{EBB289A0-8712-42D1-A08C-5DBF2EFC8294}.Debug|x64.ActiveCfg = Debug|Any CPU
		{EBB289A0-8712-42D1-A08C-5DBF2EFC8294}.Debug|x64.Build.0 = Debug|Any CPU
		{EBB289A0-8712-42D1-A08C-5DBF2EFC8294}.Debug|x86.ActiveCfg = Debug|Any CPU
		{EBB289A0-8712-42D1-A08C-5DBF2EFC8294}.Debug|x86.Build.0 = Debug|Any CPU
		{EBB289A0-8712-42D1-A08C-5DBF2EFC8294}.Release|Any CPU.ActiveCfg = Release|Any CPU
		{EBB289A0-8712-42D1-A08C-5DBF2EFC8294}.Release|Any CPU.Build.0 = Release|Any CPU
		{EBB289A0-8712-42D1-A08C-5DBF2EFC8294}.Release|x64.ActiveCfg = Release|Any CPU
		{EBB289A0-8712-42D1-A08C-5DBF2EFC8294}.Release|x64.Build.0 = Release|Any CPU
		{EBB289A0-8712-42D1-A08C-5DBF2EFC8294}.Release|x86.ActiveCfg = Release|Any CPU
		{EBB289A0-8712-42D1-A08C-5DBF2EFC8294}.Release|x86.Build.0 = Release|Any CPU
		{104EE0F6-C654-4A93-97DA-0E0E72F19AF5}.Debug|Any CPU.ActiveCfg = Debug|Any CPU
		{104EE0F6-C654-4A93-97DA-0E0E72F19AF5}.Debug|Any CPU.Build.0 = Debug|Any CPU
		{104EE0F6-C654-4A93-97DA-0E0E72F19AF5}.Debug|x64.ActiveCfg = Debug|Any CPU
		{104EE0F6-C654-4A93-97DA-0E0E72F19AF5}.Debug|x64.Build.0 = Debug|Any CPU
		{104EE0F6-C654-4A93-97DA-0E0E72F19AF5}.Debug|x86.ActiveCfg = Debug|Any CPU
		{104EE0F6-C654-4A93-97DA-0E0E72F19AF5}.Debug|x86.Build.0 = Debug|Any CPU
		{104EE0F6-C654-4A93-97DA-0E0E72F19AF5}.Release|Any CPU.ActiveCfg = Release|Any CPU
		{104EE0F6-C654-4A93-97DA-0E0E72F19AF5}.Release|Any CPU.Build.0 = Release|Any CPU
		{104EE0F6-C654-4A93-97DA-0E0E72F19AF5}.Release|x64.ActiveCfg = Release|Any CPU
		{104EE0F6-C654-4A93-97DA-0E0E72F19AF5}.Release|x64.Build.0 = Release|Any CPU
		{104EE0F6-C654-4A93-97DA-0E0E72F19AF5}.Release|x86.ActiveCfg = Release|Any CPU
		{104EE0F6-C654-4A93-97DA-0E0E72F19AF5}.Release|x86.Build.0 = Release|Any CPU
		{B22B504B-B4CD-4ED1-88CF-F6F386E199D3}.Debug|Any CPU.ActiveCfg = Debug|Any CPU
		{B22B504B-B4CD-4ED1-88CF-F6F386E199D3}.Debug|Any CPU.Build.0 = Debug|Any CPU
		{B22B504B-B4CD-4ED1-88CF-F6F386E199D3}.Debug|x64.ActiveCfg = Debug|Any CPU
		{B22B504B-B4CD-4ED1-88CF-F6F386E199D3}.Debug|x64.Build.0 = Debug|Any CPU
		{B22B504B-B4CD-4ED1-88CF-F6F386E199D3}.Debug|x86.ActiveCfg = Debug|Any CPU
		{B22B504B-B4CD-4ED1-88CF-F6F386E199D3}.Debug|x86.Build.0 = Debug|Any CPU
		{B22B504B-B4CD-4ED1-88CF-F6F386E199D3}.Release|Any CPU.ActiveCfg = Release|Any CPU
		{B22B504B-B4CD-4ED1-88CF-F6F386E199D3}.Release|Any CPU.Build.0 = Release|Any CPU
		{B22B504B-B4CD-4ED1-88CF-F6F386E199D3}.Release|x64.ActiveCfg = Release|Any CPU
		{B22B504B-B4CD-4ED1-88CF-F6F386E199D3}.Release|x64.Build.0 = Release|Any CPU
		{B22B504B-B4CD-4ED1-88CF-F6F386E199D3}.Release|x86.ActiveCfg = Release|Any CPU
		{B22B504B-B4CD-4ED1-88CF-F6F386E199D3}.Release|x86.Build.0 = Release|Any CPU
		{22FFDDFA-5A5E-498D-8307-CE2340FFF3A3}.Debug|Any CPU.ActiveCfg = Debug|Any CPU
		{22FFDDFA-5A5E-498D-8307-CE2340FFF3A3}.Debug|Any CPU.Build.0 = Debug|Any CPU
		{22FFDDFA-5A5E-498D-8307-CE2340FFF3A3}.Debug|x64.ActiveCfg = Debug|Any CPU
		{22FFDDFA-5A5E-498D-8307-CE2340FFF3A3}.Debug|x64.Build.0 = Debug|Any CPU
		{22FFDDFA-5A5E-498D-8307-CE2340FFF3A3}.Debug|x86.ActiveCfg = Debug|Any CPU
		{22FFDDFA-5A5E-498D-8307-CE2340FFF3A3}.Debug|x86.Build.0 = Debug|Any CPU
		{22FFDDFA-5A5E-498D-8307-CE2340FFF3A3}.Release|Any CPU.ActiveCfg = Release|Any CPU
		{22FFDDFA-5A5E-498D-8307-CE2340FFF3A3}.Release|Any CPU.Build.0 = Release|Any CPU
		{22FFDDFA-5A5E-498D-8307-CE2340FFF3A3}.Release|x64.ActiveCfg = Release|Any CPU
		{22FFDDFA-5A5E-498D-8307-CE2340FFF3A3}.Release|x64.Build.0 = Release|Any CPU
		{22FFDDFA-5A5E-498D-8307-CE2340FFF3A3}.Release|x86.ActiveCfg = Release|Any CPU
		{22FFDDFA-5A5E-498D-8307-CE2340FFF3A3}.Release|x86.Build.0 = Release|Any CPU
		{0AEF649D-678A-45E0-8129-EAD270A1CEFB}.Debug|Any CPU.ActiveCfg = Debug|Any CPU
		{0AEF649D-678A-45E0-8129-EAD270A1CEFB}.Debug|Any CPU.Build.0 = Debug|Any CPU
		{0AEF649D-678A-45E0-8129-EAD270A1CEFB}.Debug|x64.ActiveCfg = Debug|Any CPU
		{0AEF649D-678A-45E0-8129-EAD270A1CEFB}.Debug|x64.Build.0 = Debug|Any CPU
		{0AEF649D-678A-45E0-8129-EAD270A1CEFB}.Debug|x86.ActiveCfg = Debug|Any CPU
		{0AEF649D-678A-45E0-8129-EAD270A1CEFB}.Debug|x86.Build.0 = Debug|Any CPU
		{0AEF649D-678A-45E0-8129-EAD270A1CEFB}.Release|Any CPU.ActiveCfg = Release|Any CPU
		{0AEF649D-678A-45E0-8129-EAD270A1CEFB}.Release|Any CPU.Build.0 = Release|Any CPU
		{0AEF649D-678A-45E0-8129-EAD270A1CEFB}.Release|x64.ActiveCfg = Release|Any CPU
		{0AEF649D-678A-45E0-8129-EAD270A1CEFB}.Release|x64.Build.0 = Release|Any CPU
		{0AEF649D-678A-45E0-8129-EAD270A1CEFB}.Release|x86.ActiveCfg = Release|Any CPU
		{0AEF649D-678A-45E0-8129-EAD270A1CEFB}.Release|x86.Build.0 = Release|Any CPU
		{EBA25AB5-DA13-4BE5-B085-325DEDFFB6F3}.Debug|Any CPU.ActiveCfg = Debug|Any CPU
		{EBA25AB5-DA13-4BE5-B085-325DEDFFB6F3}.Debug|Any CPU.Build.0 = Debug|Any CPU
		{EBA25AB5-DA13-4BE5-B085-325DEDFFB6F3}.Debug|x64.ActiveCfg = Debug|Any CPU
		{EBA25AB5-DA13-4BE5-B085-325DEDFFB6F3}.Debug|x64.Build.0 = Debug|Any CPU
		{EBA25AB5-DA13-4BE5-B085-325DEDFFB6F3}.Debug|x86.ActiveCfg = Debug|Any CPU
		{EBA25AB5-DA13-4BE5-B085-325DEDFFB6F3}.Debug|x86.Build.0 = Debug|Any CPU
		{EBA25AB5-DA13-4BE5-B085-325DEDFFB6F3}.Release|Any CPU.ActiveCfg = Release|Any CPU
		{EBA25AB5-DA13-4BE5-B085-325DEDFFB6F3}.Release|Any CPU.Build.0 = Release|Any CPU
		{EBA25AB5-DA13-4BE5-B085-325DEDFFB6F3}.Release|x64.ActiveCfg = Release|Any CPU
		{EBA25AB5-DA13-4BE5-B085-325DEDFFB6F3}.Release|x64.Build.0 = Release|Any CPU
		{EBA25AB5-DA13-4BE5-B085-325DEDFFB6F3}.Release|x86.ActiveCfg = Release|Any CPU
		{EBA25AB5-DA13-4BE5-B085-325DEDFFB6F3}.Release|x86.Build.0 = Release|Any CPU
		{C61B419F-2018-438D-A0B6-D27865FA9243}.Debug|Any CPU.ActiveCfg = Debug|Any CPU
		{C61B419F-2018-438D-A0B6-D27865FA9243}.Debug|Any CPU.Build.0 = Debug|Any CPU
		{C61B419F-2018-438D-A0B6-D27865FA9243}.Debug|x64.ActiveCfg = Debug|Any CPU
		{C61B419F-2018-438D-A0B6-D27865FA9243}.Debug|x64.Build.0 = Debug|Any CPU
		{C61B419F-2018-438D-A0B6-D27865FA9243}.Debug|x86.ActiveCfg = Debug|Any CPU
		{C61B419F-2018-438D-A0B6-D27865FA9243}.Debug|x86.Build.0 = Debug|Any CPU
		{C61B419F-2018-438D-A0B6-D27865FA9243}.Release|Any CPU.ActiveCfg = Release|Any CPU
		{C61B419F-2018-438D-A0B6-D27865FA9243}.Release|Any CPU.Build.0 = Release|Any CPU
		{C61B419F-2018-438D-A0B6-D27865FA9243}.Release|x64.ActiveCfg = Release|Any CPU
		{C61B419F-2018-438D-A0B6-D27865FA9243}.Release|x64.Build.0 = Release|Any CPU
		{C61B419F-2018-438D-A0B6-D27865FA9243}.Release|x86.ActiveCfg = Release|Any CPU
		{C61B419F-2018-438D-A0B6-D27865FA9243}.Release|x86.Build.0 = Release|Any CPU
		{98246907-A44B-4D50-88E6-6F46171A07DE}.Debug|Any CPU.ActiveCfg = Debug|Any CPU
		{98246907-A44B-4D50-88E6-6F46171A07DE}.Debug|Any CPU.Build.0 = Debug|Any CPU
		{98246907-A44B-4D50-88E6-6F46171A07DE}.Debug|x64.ActiveCfg = Debug|Any CPU
		{98246907-A44B-4D50-88E6-6F46171A07DE}.Debug|x64.Build.0 = Debug|Any CPU
		{98246907-A44B-4D50-88E6-6F46171A07DE}.Debug|x86.ActiveCfg = Debug|Any CPU
		{98246907-A44B-4D50-88E6-6F46171A07DE}.Debug|x86.Build.0 = Debug|Any CPU
		{98246907-A44B-4D50-88E6-6F46171A07DE}.Release|Any CPU.ActiveCfg = Release|Any CPU
		{98246907-A44B-4D50-88E6-6F46171A07DE}.Release|Any CPU.Build.0 = Release|Any CPU
		{98246907-A44B-4D50-88E6-6F46171A07DE}.Release|x64.ActiveCfg = Release|Any CPU
		{98246907-A44B-4D50-88E6-6F46171A07DE}.Release|x64.Build.0 = Release|Any CPU
		{98246907-A44B-4D50-88E6-6F46171A07DE}.Release|x86.ActiveCfg = Release|Any CPU
		{98246907-A44B-4D50-88E6-6F46171A07DE}.Release|x86.Build.0 = Release|Any CPU
		{C1C30D36-6978-43C2-96AC-7FD9892ADB1F}.Debug|Any CPU.ActiveCfg = Debug|Any CPU
		{C1C30D36-6978-43C2-96AC-7FD9892ADB1F}.Debug|Any CPU.Build.0 = Debug|Any CPU
		{C1C30D36-6978-43C2-96AC-7FD9892ADB1F}.Debug|x64.ActiveCfg = Debug|Any CPU
		{C1C30D36-6978-43C2-96AC-7FD9892ADB1F}.Debug|x64.Build.0 = Debug|Any CPU
		{C1C30D36-6978-43C2-96AC-7FD9892ADB1F}.Debug|x86.ActiveCfg = Debug|Any CPU
		{C1C30D36-6978-43C2-96AC-7FD9892ADB1F}.Debug|x86.Build.0 = Debug|Any CPU
		{C1C30D36-6978-43C2-96AC-7FD9892ADB1F}.Release|Any CPU.ActiveCfg = Release|Any CPU
		{C1C30D36-6978-43C2-96AC-7FD9892ADB1F}.Release|Any CPU.Build.0 = Release|Any CPU
		{C1C30D36-6978-43C2-96AC-7FD9892ADB1F}.Release|x64.ActiveCfg = Release|Any CPU
		{C1C30D36-6978-43C2-96AC-7FD9892ADB1F}.Release|x64.Build.0 = Release|Any CPU
		{C1C30D36-6978-43C2-96AC-7FD9892ADB1F}.Release|x86.ActiveCfg = Release|Any CPU
		{C1C30D36-6978-43C2-96AC-7FD9892ADB1F}.Release|x86.Build.0 = Release|Any CPU
		{51B351E1-AA03-47D5-8065-E8008660803D}.Debug|Any CPU.ActiveCfg = Debug|Any CPU
		{51B351E1-AA03-47D5-8065-E8008660803D}.Debug|Any CPU.Build.0 = Debug|Any CPU
		{51B351E1-AA03-47D5-8065-E8008660803D}.Debug|x64.ActiveCfg = Debug|Any CPU
		{51B351E1-AA03-47D5-8065-E8008660803D}.Debug|x64.Build.0 = Debug|Any CPU
		{51B351E1-AA03-47D5-8065-E8008660803D}.Debug|x86.ActiveCfg = Debug|Any CPU
		{51B351E1-AA03-47D5-8065-E8008660803D}.Debug|x86.Build.0 = Debug|Any CPU
		{51B351E1-AA03-47D5-8065-E8008660803D}.Release|Any CPU.ActiveCfg = Release|Any CPU
		{51B351E1-AA03-47D5-8065-E8008660803D}.Release|Any CPU.Build.0 = Release|Any CPU
		{51B351E1-AA03-47D5-8065-E8008660803D}.Release|x64.ActiveCfg = Release|Any CPU
		{51B351E1-AA03-47D5-8065-E8008660803D}.Release|x64.Build.0 = Release|Any CPU
		{51B351E1-AA03-47D5-8065-E8008660803D}.Release|x86.ActiveCfg = Release|Any CPU
		{51B351E1-AA03-47D5-8065-E8008660803D}.Release|x86.Build.0 = Release|Any CPU
		{64F759C1-B3B9-4ACB-A530-3AE0A938056C}.Debug|Any CPU.ActiveCfg = Debug|Any CPU
		{64F759C1-B3B9-4ACB-A530-3AE0A938056C}.Debug|Any CPU.Build.0 = Debug|Any CPU
		{64F759C1-B3B9-4ACB-A530-3AE0A938056C}.Debug|x64.ActiveCfg = Debug|Any CPU
		{64F759C1-B3B9-4ACB-A530-3AE0A938056C}.Debug|x64.Build.0 = Debug|Any CPU
		{64F759C1-B3B9-4ACB-A530-3AE0A938056C}.Debug|x86.ActiveCfg = Debug|Any CPU
		{64F759C1-B3B9-4ACB-A530-3AE0A938056C}.Debug|x86.Build.0 = Debug|Any CPU
		{64F759C1-B3B9-4ACB-A530-3AE0A938056C}.Release|Any CPU.ActiveCfg = Release|Any CPU
		{64F759C1-B3B9-4ACB-A530-3AE0A938056C}.Release|Any CPU.Build.0 = Release|Any CPU
		{64F759C1-B3B9-4ACB-A530-3AE0A938056C}.Release|x64.ActiveCfg = Release|Any CPU
		{64F759C1-B3B9-4ACB-A530-3AE0A938056C}.Release|x64.Build.0 = Release|Any CPU
		{64F759C1-B3B9-4ACB-A530-3AE0A938056C}.Release|x86.ActiveCfg = Release|Any CPU
		{64F759C1-B3B9-4ACB-A530-3AE0A938056C}.Release|x86.Build.0 = Release|Any CPU
		{460B0940-91A1-44D4-8E5C-B4B85DA96AF4}.Debug|Any CPU.ActiveCfg = Debug|Any CPU
		{460B0940-91A1-44D4-8E5C-B4B85DA96AF4}.Debug|Any CPU.Build.0 = Debug|Any CPU
		{460B0940-91A1-44D4-8E5C-B4B85DA96AF4}.Debug|x64.ActiveCfg = Debug|Any CPU
		{460B0940-91A1-44D4-8E5C-B4B85DA96AF4}.Debug|x64.Build.0 = Debug|Any CPU
		{460B0940-91A1-44D4-8E5C-B4B85DA96AF4}.Debug|x86.ActiveCfg = Debug|Any CPU
		{460B0940-91A1-44D4-8E5C-B4B85DA96AF4}.Debug|x86.Build.0 = Debug|Any CPU
		{460B0940-91A1-44D4-8E5C-B4B85DA96AF4}.Release|Any CPU.ActiveCfg = Release|Any CPU
		{460B0940-91A1-44D4-8E5C-B4B85DA96AF4}.Release|Any CPU.Build.0 = Release|Any CPU
		{460B0940-91A1-44D4-8E5C-B4B85DA96AF4}.Release|x64.ActiveCfg = Release|Any CPU
		{460B0940-91A1-44D4-8E5C-B4B85DA96AF4}.Release|x64.Build.0 = Release|Any CPU
		{460B0940-91A1-44D4-8E5C-B4B85DA96AF4}.Release|x86.ActiveCfg = Release|Any CPU
		{460B0940-91A1-44D4-8E5C-B4B85DA96AF4}.Release|x86.Build.0 = Release|Any CPU
		{93368713-8DF0-4BAA-9D26-DF02B0AFB127}.Debug|Any CPU.ActiveCfg = Debug|Any CPU
		{93368713-8DF0-4BAA-9D26-DF02B0AFB127}.Debug|Any CPU.Build.0 = Debug|Any CPU
		{93368713-8DF0-4BAA-9D26-DF02B0AFB127}.Debug|x64.ActiveCfg = Debug|Any CPU
		{93368713-8DF0-4BAA-9D26-DF02B0AFB127}.Debug|x64.Build.0 = Debug|Any CPU
		{93368713-8DF0-4BAA-9D26-DF02B0AFB127}.Debug|x86.ActiveCfg = Debug|Any CPU
		{93368713-8DF0-4BAA-9D26-DF02B0AFB127}.Debug|x86.Build.0 = Debug|Any CPU
		{93368713-8DF0-4BAA-9D26-DF02B0AFB127}.Release|Any CPU.ActiveCfg = Release|Any CPU
		{93368713-8DF0-4BAA-9D26-DF02B0AFB127}.Release|Any CPU.Build.0 = Release|Any CPU
		{93368713-8DF0-4BAA-9D26-DF02B0AFB127}.Release|x64.ActiveCfg = Release|Any CPU
		{93368713-8DF0-4BAA-9D26-DF02B0AFB127}.Release|x64.Build.0 = Release|Any CPU
		{93368713-8DF0-4BAA-9D26-DF02B0AFB127}.Release|x86.ActiveCfg = Release|Any CPU
		{93368713-8DF0-4BAA-9D26-DF02B0AFB127}.Release|x86.Build.0 = Release|Any CPU
		{D1112B41-5B13-44AA-8E0B-50847AC2830A}.Debug|Any CPU.ActiveCfg = Debug|Any CPU
		{D1112B41-5B13-44AA-8E0B-50847AC2830A}.Debug|Any CPU.Build.0 = Debug|Any CPU
		{D1112B41-5B13-44AA-8E0B-50847AC2830A}.Debug|x64.ActiveCfg = Debug|Any CPU
		{D1112B41-5B13-44AA-8E0B-50847AC2830A}.Debug|x64.Build.0 = Debug|Any CPU
		{D1112B41-5B13-44AA-8E0B-50847AC2830A}.Debug|x86.ActiveCfg = Debug|Any CPU
		{D1112B41-5B13-44AA-8E0B-50847AC2830A}.Debug|x86.Build.0 = Debug|Any CPU
		{D1112B41-5B13-44AA-8E0B-50847AC2830A}.Release|Any CPU.ActiveCfg = Release|Any CPU
		{D1112B41-5B13-44AA-8E0B-50847AC2830A}.Release|Any CPU.Build.0 = Release|Any CPU
		{D1112B41-5B13-44AA-8E0B-50847AC2830A}.Release|x64.ActiveCfg = Release|Any CPU
		{D1112B41-5B13-44AA-8E0B-50847AC2830A}.Release|x64.Build.0 = Release|Any CPU
		{D1112B41-5B13-44AA-8E0B-50847AC2830A}.Release|x86.ActiveCfg = Release|Any CPU
		{D1112B41-5B13-44AA-8E0B-50847AC2830A}.Release|x86.Build.0 = Release|Any CPU
		{4D65639C-2163-4039-9E5B-D2A155C1CA31}.Debug|Any CPU.ActiveCfg = Debug|Any CPU
		{4D65639C-2163-4039-9E5B-D2A155C1CA31}.Debug|Any CPU.Build.0 = Debug|Any CPU
		{4D65639C-2163-4039-9E5B-D2A155C1CA31}.Debug|x64.ActiveCfg = Debug|Any CPU
		{4D65639C-2163-4039-9E5B-D2A155C1CA31}.Debug|x64.Build.0 = Debug|Any CPU
		{4D65639C-2163-4039-9E5B-D2A155C1CA31}.Debug|x86.ActiveCfg = Debug|Any CPU
		{4D65639C-2163-4039-9E5B-D2A155C1CA31}.Debug|x86.Build.0 = Debug|Any CPU
		{4D65639C-2163-4039-9E5B-D2A155C1CA31}.Release|Any CPU.ActiveCfg = Release|Any CPU
		{4D65639C-2163-4039-9E5B-D2A155C1CA31}.Release|Any CPU.Build.0 = Release|Any CPU
		{4D65639C-2163-4039-9E5B-D2A155C1CA31}.Release|x64.ActiveCfg = Release|Any CPU
		{4D65639C-2163-4039-9E5B-D2A155C1CA31}.Release|x64.Build.0 = Release|Any CPU
		{4D65639C-2163-4039-9E5B-D2A155C1CA31}.Release|x86.ActiveCfg = Release|Any CPU
		{4D65639C-2163-4039-9E5B-D2A155C1CA31}.Release|x86.Build.0 = Release|Any CPU
		{044CF9FB-9F94-4C17-9FAF-744A167FE184}.Debug|Any CPU.ActiveCfg = Debug|Any CPU
		{044CF9FB-9F94-4C17-9FAF-744A167FE184}.Debug|Any CPU.Build.0 = Debug|Any CPU
		{044CF9FB-9F94-4C17-9FAF-744A167FE184}.Debug|x64.ActiveCfg = Debug|Any CPU
		{044CF9FB-9F94-4C17-9FAF-744A167FE184}.Debug|x64.Build.0 = Debug|Any CPU
		{044CF9FB-9F94-4C17-9FAF-744A167FE184}.Debug|x86.ActiveCfg = Debug|Any CPU
		{044CF9FB-9F94-4C17-9FAF-744A167FE184}.Debug|x86.Build.0 = Debug|Any CPU
		{044CF9FB-9F94-4C17-9FAF-744A167FE184}.Release|Any CPU.ActiveCfg = Release|Any CPU
		{044CF9FB-9F94-4C17-9FAF-744A167FE184}.Release|Any CPU.Build.0 = Release|Any CPU
		{044CF9FB-9F94-4C17-9FAF-744A167FE184}.Release|x64.ActiveCfg = Release|Any CPU
		{044CF9FB-9F94-4C17-9FAF-744A167FE184}.Release|x64.Build.0 = Release|Any CPU
		{044CF9FB-9F94-4C17-9FAF-744A167FE184}.Release|x86.ActiveCfg = Release|Any CPU
		{044CF9FB-9F94-4C17-9FAF-744A167FE184}.Release|x86.Build.0 = Release|Any CPU
		{2DF9F6ED-254B-4613-99F3-037815337C5B}.Debug|Any CPU.ActiveCfg = Debug|Any CPU
		{2DF9F6ED-254B-4613-99F3-037815337C5B}.Debug|Any CPU.Build.0 = Debug|Any CPU
		{2DF9F6ED-254B-4613-99F3-037815337C5B}.Debug|x64.ActiveCfg = Debug|Any CPU
		{2DF9F6ED-254B-4613-99F3-037815337C5B}.Debug|x64.Build.0 = Debug|Any CPU
		{2DF9F6ED-254B-4613-99F3-037815337C5B}.Debug|x86.ActiveCfg = Debug|Any CPU
		{2DF9F6ED-254B-4613-99F3-037815337C5B}.Debug|x86.Build.0 = Debug|Any CPU
		{2DF9F6ED-254B-4613-99F3-037815337C5B}.Release|Any CPU.ActiveCfg = Release|Any CPU
		{2DF9F6ED-254B-4613-99F3-037815337C5B}.Release|Any CPU.Build.0 = Release|Any CPU
		{2DF9F6ED-254B-4613-99F3-037815337C5B}.Release|x64.ActiveCfg = Release|Any CPU
		{2DF9F6ED-254B-4613-99F3-037815337C5B}.Release|x64.Build.0 = Release|Any CPU
		{2DF9F6ED-254B-4613-99F3-037815337C5B}.Release|x86.ActiveCfg = Release|Any CPU
		{2DF9F6ED-254B-4613-99F3-037815337C5B}.Release|x86.Build.0 = Release|Any CPU
		{F342A3F7-E685-4F66-90DB-7B186C936778}.Debug|Any CPU.ActiveCfg = Debug|Any CPU
		{F342A3F7-E685-4F66-90DB-7B186C936778}.Debug|Any CPU.Build.0 = Debug|Any CPU
		{F342A3F7-E685-4F66-90DB-7B186C936778}.Debug|x64.ActiveCfg = Debug|Any CPU
		{F342A3F7-E685-4F66-90DB-7B186C936778}.Debug|x64.Build.0 = Debug|Any CPU
		{F342A3F7-E685-4F66-90DB-7B186C936778}.Debug|x86.ActiveCfg = Debug|Any CPU
		{F342A3F7-E685-4F66-90DB-7B186C936778}.Debug|x86.Build.0 = Debug|Any CPU
		{F342A3F7-E685-4F66-90DB-7B186C936778}.Release|Any CPU.ActiveCfg = Release|Any CPU
		{F342A3F7-E685-4F66-90DB-7B186C936778}.Release|Any CPU.Build.0 = Release|Any CPU
		{F342A3F7-E685-4F66-90DB-7B186C936778}.Release|x64.ActiveCfg = Release|Any CPU
		{F342A3F7-E685-4F66-90DB-7B186C936778}.Release|x64.Build.0 = Release|Any CPU
		{F342A3F7-E685-4F66-90DB-7B186C936778}.Release|x86.ActiveCfg = Release|Any CPU
		{F342A3F7-E685-4F66-90DB-7B186C936778}.Release|x86.Build.0 = Release|Any CPU
		{BA375A79-D23E-4325-B4DE-16F54D4C1560}.Debug|Any CPU.ActiveCfg = Debug|Any CPU
		{BA375A79-D23E-4325-B4DE-16F54D4C1560}.Debug|Any CPU.Build.0 = Debug|Any CPU
		{BA375A79-D23E-4325-B4DE-16F54D4C1560}.Debug|x64.ActiveCfg = Debug|Any CPU
		{BA375A79-D23E-4325-B4DE-16F54D4C1560}.Debug|x64.Build.0 = Debug|Any CPU
		{BA375A79-D23E-4325-B4DE-16F54D4C1560}.Debug|x86.ActiveCfg = Debug|Any CPU
		{BA375A79-D23E-4325-B4DE-16F54D4C1560}.Debug|x86.Build.0 = Debug|Any CPU
		{BA375A79-D23E-4325-B4DE-16F54D4C1560}.Release|Any CPU.ActiveCfg = Release|Any CPU
		{BA375A79-D23E-4325-B4DE-16F54D4C1560}.Release|Any CPU.Build.0 = Release|Any CPU
		{BA375A79-D23E-4325-B4DE-16F54D4C1560}.Release|x64.ActiveCfg = Release|Any CPU
		{BA375A79-D23E-4325-B4DE-16F54D4C1560}.Release|x64.Build.0 = Release|Any CPU
		{BA375A79-D23E-4325-B4DE-16F54D4C1560}.Release|x86.ActiveCfg = Release|Any CPU
		{BA375A79-D23E-4325-B4DE-16F54D4C1560}.Release|x86.Build.0 = Release|Any CPU
		{B3C6C0CD-41C1-45CF-8B22-7AAC6210A6C3}.Debug|Any CPU.ActiveCfg = Debug|Any CPU
		{B3C6C0CD-41C1-45CF-8B22-7AAC6210A6C3}.Debug|Any CPU.Build.0 = Debug|Any CPU
		{B3C6C0CD-41C1-45CF-8B22-7AAC6210A6C3}.Debug|x64.ActiveCfg = Debug|Any CPU
		{B3C6C0CD-41C1-45CF-8B22-7AAC6210A6C3}.Debug|x64.Build.0 = Debug|Any CPU
		{B3C6C0CD-41C1-45CF-8B22-7AAC6210A6C3}.Debug|x86.ActiveCfg = Debug|Any CPU
		{B3C6C0CD-41C1-45CF-8B22-7AAC6210A6C3}.Debug|x86.Build.0 = Debug|Any CPU
		{B3C6C0CD-41C1-45CF-8B22-7AAC6210A6C3}.Release|Any CPU.ActiveCfg = Release|Any CPU
		{B3C6C0CD-41C1-45CF-8B22-7AAC6210A6C3}.Release|Any CPU.Build.0 = Release|Any CPU
		{B3C6C0CD-41C1-45CF-8B22-7AAC6210A6C3}.Release|x64.ActiveCfg = Release|Any CPU
		{B3C6C0CD-41C1-45CF-8B22-7AAC6210A6C3}.Release|x64.Build.0 = Release|Any CPU
		{B3C6C0CD-41C1-45CF-8B22-7AAC6210A6C3}.Release|x86.ActiveCfg = Release|Any CPU
		{B3C6C0CD-41C1-45CF-8B22-7AAC6210A6C3}.Release|x86.Build.0 = Release|Any CPU
		{8DAA4B62-6D7E-4003-AE59-5FB1D3572434}.Debug|Any CPU.ActiveCfg = Debug|Any CPU
		{8DAA4B62-6D7E-4003-AE59-5FB1D3572434}.Debug|Any CPU.Build.0 = Debug|Any CPU
		{8DAA4B62-6D7E-4003-AE59-5FB1D3572434}.Debug|x64.ActiveCfg = Debug|Any CPU
		{8DAA4B62-6D7E-4003-AE59-5FB1D3572434}.Debug|x64.Build.0 = Debug|Any CPU
		{8DAA4B62-6D7E-4003-AE59-5FB1D3572434}.Debug|x86.ActiveCfg = Debug|Any CPU
		{8DAA4B62-6D7E-4003-AE59-5FB1D3572434}.Debug|x86.Build.0 = Debug|Any CPU
		{8DAA4B62-6D7E-4003-AE59-5FB1D3572434}.Release|Any CPU.ActiveCfg = Release|Any CPU
		{8DAA4B62-6D7E-4003-AE59-5FB1D3572434}.Release|Any CPU.Build.0 = Release|Any CPU
		{8DAA4B62-6D7E-4003-AE59-5FB1D3572434}.Release|x64.ActiveCfg = Release|Any CPU
		{8DAA4B62-6D7E-4003-AE59-5FB1D3572434}.Release|x64.Build.0 = Release|Any CPU
		{8DAA4B62-6D7E-4003-AE59-5FB1D3572434}.Release|x86.ActiveCfg = Release|Any CPU
		{8DAA4B62-6D7E-4003-AE59-5FB1D3572434}.Release|x86.Build.0 = Release|Any CPU
		{821B94B3-26B8-401A-922C-B21FDB81B75F}.Debug|Any CPU.ActiveCfg = Debug|Any CPU
		{821B94B3-26B8-401A-922C-B21FDB81B75F}.Debug|Any CPU.Build.0 = Debug|Any CPU
		{821B94B3-26B8-401A-922C-B21FDB81B75F}.Debug|x64.ActiveCfg = Debug|Any CPU
		{821B94B3-26B8-401A-922C-B21FDB81B75F}.Debug|x64.Build.0 = Debug|Any CPU
		{821B94B3-26B8-401A-922C-B21FDB81B75F}.Debug|x86.ActiveCfg = Debug|Any CPU
		{821B94B3-26B8-401A-922C-B21FDB81B75F}.Debug|x86.Build.0 = Debug|Any CPU
		{821B94B3-26B8-401A-922C-B21FDB81B75F}.Release|Any CPU.ActiveCfg = Release|Any CPU
		{821B94B3-26B8-401A-922C-B21FDB81B75F}.Release|Any CPU.Build.0 = Release|Any CPU
		{821B94B3-26B8-401A-922C-B21FDB81B75F}.Release|x64.ActiveCfg = Release|Any CPU
		{821B94B3-26B8-401A-922C-B21FDB81B75F}.Release|x64.Build.0 = Release|Any CPU
		{821B94B3-26B8-401A-922C-B21FDB81B75F}.Release|x86.ActiveCfg = Release|Any CPU
		{821B94B3-26B8-401A-922C-B21FDB81B75F}.Release|x86.Build.0 = Release|Any CPU
		{35AA33EB-2DC7-429B-965A-EC67138B4CF5}.Debug|Any CPU.ActiveCfg = Debug|Any CPU
		{35AA33EB-2DC7-429B-965A-EC67138B4CF5}.Debug|Any CPU.Build.0 = Debug|Any CPU
		{35AA33EB-2DC7-429B-965A-EC67138B4CF5}.Debug|x64.ActiveCfg = Debug|Any CPU
		{35AA33EB-2DC7-429B-965A-EC67138B4CF5}.Debug|x64.Build.0 = Debug|Any CPU
		{35AA33EB-2DC7-429B-965A-EC67138B4CF5}.Debug|x86.ActiveCfg = Debug|Any CPU
		{35AA33EB-2DC7-429B-965A-EC67138B4CF5}.Debug|x86.Build.0 = Debug|Any CPU
		{35AA33EB-2DC7-429B-965A-EC67138B4CF5}.Release|Any CPU.ActiveCfg = Release|Any CPU
		{35AA33EB-2DC7-429B-965A-EC67138B4CF5}.Release|Any CPU.Build.0 = Release|Any CPU
		{35AA33EB-2DC7-429B-965A-EC67138B4CF5}.Release|x64.ActiveCfg = Release|Any CPU
		{35AA33EB-2DC7-429B-965A-EC67138B4CF5}.Release|x64.Build.0 = Release|Any CPU
		{35AA33EB-2DC7-429B-965A-EC67138B4CF5}.Release|x86.ActiveCfg = Release|Any CPU
		{35AA33EB-2DC7-429B-965A-EC67138B4CF5}.Release|x86.Build.0 = Release|Any CPU
		{308FE39A-606B-4EB6-B7E7-81FA5E4BA94A}.Debug|Any CPU.ActiveCfg = Debug|Any CPU
		{308FE39A-606B-4EB6-B7E7-81FA5E4BA94A}.Debug|Any CPU.Build.0 = Debug|Any CPU
		{308FE39A-606B-4EB6-B7E7-81FA5E4BA94A}.Debug|x64.ActiveCfg = Debug|Any CPU
		{308FE39A-606B-4EB6-B7E7-81FA5E4BA94A}.Debug|x64.Build.0 = Debug|Any CPU
		{308FE39A-606B-4EB6-B7E7-81FA5E4BA94A}.Debug|x86.ActiveCfg = Debug|Any CPU
		{308FE39A-606B-4EB6-B7E7-81FA5E4BA94A}.Debug|x86.Build.0 = Debug|Any CPU
		{308FE39A-606B-4EB6-B7E7-81FA5E4BA94A}.Release|Any CPU.ActiveCfg = Release|Any CPU
		{308FE39A-606B-4EB6-B7E7-81FA5E4BA94A}.Release|Any CPU.Build.0 = Release|Any CPU
		{308FE39A-606B-4EB6-B7E7-81FA5E4BA94A}.Release|x64.ActiveCfg = Release|Any CPU
		{308FE39A-606B-4EB6-B7E7-81FA5E4BA94A}.Release|x64.Build.0 = Release|Any CPU
		{308FE39A-606B-4EB6-B7E7-81FA5E4BA94A}.Release|x86.ActiveCfg = Release|Any CPU
		{308FE39A-606B-4EB6-B7E7-81FA5E4BA94A}.Release|x86.Build.0 = Release|Any CPU
		{40A8D2B8-4F90-4325-99CD-C15FE2FB0056}.Debug|Any CPU.ActiveCfg = Debug|Any CPU
		{40A8D2B8-4F90-4325-99CD-C15FE2FB0056}.Debug|Any CPU.Build.0 = Debug|Any CPU
		{40A8D2B8-4F90-4325-99CD-C15FE2FB0056}.Debug|x64.ActiveCfg = Debug|Any CPU
		{40A8D2B8-4F90-4325-99CD-C15FE2FB0056}.Debug|x64.Build.0 = Debug|Any CPU
		{40A8D2B8-4F90-4325-99CD-C15FE2FB0056}.Debug|x86.ActiveCfg = Debug|Any CPU
		{40A8D2B8-4F90-4325-99CD-C15FE2FB0056}.Debug|x86.Build.0 = Debug|Any CPU
		{40A8D2B8-4F90-4325-99CD-C15FE2FB0056}.Release|Any CPU.ActiveCfg = Release|Any CPU
		{40A8D2B8-4F90-4325-99CD-C15FE2FB0056}.Release|Any CPU.Build.0 = Release|Any CPU
		{40A8D2B8-4F90-4325-99CD-C15FE2FB0056}.Release|x64.ActiveCfg = Release|Any CPU
		{40A8D2B8-4F90-4325-99CD-C15FE2FB0056}.Release|x64.Build.0 = Release|Any CPU
		{40A8D2B8-4F90-4325-99CD-C15FE2FB0056}.Release|x86.ActiveCfg = Release|Any CPU
		{40A8D2B8-4F90-4325-99CD-C15FE2FB0056}.Release|x86.Build.0 = Release|Any CPU
		{A54DA0E5-8EF7-47F5-8809-FD45ABD05CB6}.Debug|Any CPU.ActiveCfg = Debug|Win32
		{A54DA0E5-8EF7-47F5-8809-FD45ABD05CB6}.Debug|x64.ActiveCfg = Debug|x64
		{A54DA0E5-8EF7-47F5-8809-FD45ABD05CB6}.Debug|x64.Build.0 = Debug|x64
		{A54DA0E5-8EF7-47F5-8809-FD45ABD05CB6}.Debug|x86.ActiveCfg = Debug|Win32
		{A54DA0E5-8EF7-47F5-8809-FD45ABD05CB6}.Debug|x86.Build.0 = Debug|Win32
		{A54DA0E5-8EF7-47F5-8809-FD45ABD05CB6}.Release|Any CPU.ActiveCfg = Release|Win32
		{A54DA0E5-8EF7-47F5-8809-FD45ABD05CB6}.Release|x64.ActiveCfg = Release|x64
		{A54DA0E5-8EF7-47F5-8809-FD45ABD05CB6}.Release|x64.Build.0 = Release|x64
		{A54DA0E5-8EF7-47F5-8809-FD45ABD05CB6}.Release|x86.ActiveCfg = Release|Win32
		{A54DA0E5-8EF7-47F5-8809-FD45ABD05CB6}.Release|x86.Build.0 = Release|Win32
		{B381BFEE-7F35-4B3A-A010-1660BBCE8328}.Debug|Any CPU.ActiveCfg = Debug|Win32
		{B381BFEE-7F35-4B3A-A010-1660BBCE8328}.Debug|x64.ActiveCfg = Debug|x64
		{B381BFEE-7F35-4B3A-A010-1660BBCE8328}.Debug|x64.Build.0 = Debug|x64
		{B381BFEE-7F35-4B3A-A010-1660BBCE8328}.Debug|x86.ActiveCfg = Debug|Win32
		{B381BFEE-7F35-4B3A-A010-1660BBCE8328}.Debug|x86.Build.0 = Debug|Win32
		{B381BFEE-7F35-4B3A-A010-1660BBCE8328}.Release|Any CPU.ActiveCfg = Release|Win32
		{B381BFEE-7F35-4B3A-A010-1660BBCE8328}.Release|x64.ActiveCfg = Release|x64
		{B381BFEE-7F35-4B3A-A010-1660BBCE8328}.Release|x64.Build.0 = Release|x64
		{B381BFEE-7F35-4B3A-A010-1660BBCE8328}.Release|x86.ActiveCfg = Release|Win32
		{B381BFEE-7F35-4B3A-A010-1660BBCE8328}.Release|x86.Build.0 = Release|Win32
		{983D1AA7-CEE6-48CB-93C7-CF69D04148FC}.Debug|Any CPU.ActiveCfg = Debug|Any CPU
		{983D1AA7-CEE6-48CB-93C7-CF69D04148FC}.Debug|Any CPU.Build.0 = Debug|Any CPU
		{983D1AA7-CEE6-48CB-93C7-CF69D04148FC}.Debug|x64.ActiveCfg = Debug|Any CPU
		{983D1AA7-CEE6-48CB-93C7-CF69D04148FC}.Debug|x64.Build.0 = Debug|Any CPU
		{983D1AA7-CEE6-48CB-93C7-CF69D04148FC}.Debug|x86.ActiveCfg = Debug|Any CPU
		{983D1AA7-CEE6-48CB-93C7-CF69D04148FC}.Debug|x86.Build.0 = Debug|Any CPU
		{983D1AA7-CEE6-48CB-93C7-CF69D04148FC}.Release|Any CPU.ActiveCfg = Release|Any CPU
		{983D1AA7-CEE6-48CB-93C7-CF69D04148FC}.Release|Any CPU.Build.0 = Release|Any CPU
		{983D1AA7-CEE6-48CB-93C7-CF69D04148FC}.Release|x64.ActiveCfg = Release|Any CPU
		{983D1AA7-CEE6-48CB-93C7-CF69D04148FC}.Release|x64.Build.0 = Release|Any CPU
		{983D1AA7-CEE6-48CB-93C7-CF69D04148FC}.Release|x86.ActiveCfg = Release|Any CPU
		{983D1AA7-CEE6-48CB-93C7-CF69D04148FC}.Release|x86.Build.0 = Release|Any CPU
		{93344579-EC95-4EA0-A86A-5094552D9E8F}.Debug|Any CPU.ActiveCfg = Debug|Any CPU
		{93344579-EC95-4EA0-A86A-5094552D9E8F}.Debug|Any CPU.Build.0 = Debug|Any CPU
		{93344579-EC95-4EA0-A86A-5094552D9E8F}.Debug|x64.ActiveCfg = Debug|Any CPU
		{93344579-EC95-4EA0-A86A-5094552D9E8F}.Debug|x64.Build.0 = Debug|Any CPU
		{93344579-EC95-4EA0-A86A-5094552D9E8F}.Debug|x86.ActiveCfg = Debug|Any CPU
		{93344579-EC95-4EA0-A86A-5094552D9E8F}.Debug|x86.Build.0 = Debug|Any CPU
		{93344579-EC95-4EA0-A86A-5094552D9E8F}.Release|Any CPU.ActiveCfg = Release|Any CPU
		{93344579-EC95-4EA0-A86A-5094552D9E8F}.Release|Any CPU.Build.0 = Release|Any CPU
		{93344579-EC95-4EA0-A86A-5094552D9E8F}.Release|x64.ActiveCfg = Release|Any CPU
		{93344579-EC95-4EA0-A86A-5094552D9E8F}.Release|x64.Build.0 = Release|Any CPU
		{93344579-EC95-4EA0-A86A-5094552D9E8F}.Release|x86.ActiveCfg = Release|Any CPU
		{93344579-EC95-4EA0-A86A-5094552D9E8F}.Release|x86.Build.0 = Release|Any CPU
		{D4E11602-F828-458D-9C1D-820064E1F6A3}.Debug|Any CPU.ActiveCfg = Debug|Any CPU
		{D4E11602-F828-458D-9C1D-820064E1F6A3}.Debug|Any CPU.Build.0 = Debug|Any CPU
		{D4E11602-F828-458D-9C1D-820064E1F6A3}.Debug|x64.ActiveCfg = Debug|Any CPU
		{D4E11602-F828-458D-9C1D-820064E1F6A3}.Debug|x64.Build.0 = Debug|Any CPU
		{D4E11602-F828-458D-9C1D-820064E1F6A3}.Debug|x86.ActiveCfg = Debug|Any CPU
		{D4E11602-F828-458D-9C1D-820064E1F6A3}.Debug|x86.Build.0 = Debug|Any CPU
		{D4E11602-F828-458D-9C1D-820064E1F6A3}.Release|Any CPU.ActiveCfg = Release|Any CPU
		{D4E11602-F828-458D-9C1D-820064E1F6A3}.Release|Any CPU.Build.0 = Release|Any CPU
		{D4E11602-F828-458D-9C1D-820064E1F6A3}.Release|x64.ActiveCfg = Release|Any CPU
		{D4E11602-F828-458D-9C1D-820064E1F6A3}.Release|x64.Build.0 = Release|Any CPU
		{D4E11602-F828-458D-9C1D-820064E1F6A3}.Release|x86.ActiveCfg = Release|Any CPU
		{D4E11602-F828-458D-9C1D-820064E1F6A3}.Release|x86.Build.0 = Release|Any CPU
		{38003313-F5AA-4018-ADD4-270778137CEA}.Debug|Any CPU.ActiveCfg = Debug|Any CPU
		{38003313-F5AA-4018-ADD4-270778137CEA}.Debug|Any CPU.Build.0 = Debug|Any CPU
		{38003313-F5AA-4018-ADD4-270778137CEA}.Debug|x64.ActiveCfg = Debug|Any CPU
		{38003313-F5AA-4018-ADD4-270778137CEA}.Debug|x64.Build.0 = Debug|Any CPU
		{38003313-F5AA-4018-ADD4-270778137CEA}.Debug|x86.ActiveCfg = Debug|Any CPU
		{38003313-F5AA-4018-ADD4-270778137CEA}.Debug|x86.Build.0 = Debug|Any CPU
		{38003313-F5AA-4018-ADD4-270778137CEA}.Release|Any CPU.ActiveCfg = Release|Any CPU
		{38003313-F5AA-4018-ADD4-270778137CEA}.Release|Any CPU.Build.0 = Release|Any CPU
		{38003313-F5AA-4018-ADD4-270778137CEA}.Release|x64.ActiveCfg = Release|Any CPU
		{38003313-F5AA-4018-ADD4-270778137CEA}.Release|x64.Build.0 = Release|Any CPU
		{38003313-F5AA-4018-ADD4-270778137CEA}.Release|x86.ActiveCfg = Release|Any CPU
		{38003313-F5AA-4018-ADD4-270778137CEA}.Release|x86.Build.0 = Release|Any CPU
		{9D3A662D-CC15-4DE5-B4B1-145309706184}.Debug|Any CPU.ActiveCfg = Debug|Any CPU
		{9D3A662D-CC15-4DE5-B4B1-145309706184}.Debug|Any CPU.Build.0 = Debug|Any CPU
		{9D3A662D-CC15-4DE5-B4B1-145309706184}.Debug|x64.ActiveCfg = Debug|Any CPU
		{9D3A662D-CC15-4DE5-B4B1-145309706184}.Debug|x64.Build.0 = Debug|Any CPU
		{9D3A662D-CC15-4DE5-B4B1-145309706184}.Debug|x86.ActiveCfg = Debug|Any CPU
		{9D3A662D-CC15-4DE5-B4B1-145309706184}.Debug|x86.Build.0 = Debug|Any CPU
		{9D3A662D-CC15-4DE5-B4B1-145309706184}.Release|Any CPU.ActiveCfg = Release|Any CPU
		{9D3A662D-CC15-4DE5-B4B1-145309706184}.Release|Any CPU.Build.0 = Release|Any CPU
		{9D3A662D-CC15-4DE5-B4B1-145309706184}.Release|x64.ActiveCfg = Release|Any CPU
		{9D3A662D-CC15-4DE5-B4B1-145309706184}.Release|x64.Build.0 = Release|Any CPU
		{9D3A662D-CC15-4DE5-B4B1-145309706184}.Release|x86.ActiveCfg = Release|Any CPU
		{9D3A662D-CC15-4DE5-B4B1-145309706184}.Release|x86.Build.0 = Release|Any CPU
		{A81E0EB0-ADA9-4BBE-98E0-AF0F31E67F07}.Debug|Any CPU.ActiveCfg = Debug|Any CPU
		{A81E0EB0-ADA9-4BBE-98E0-AF0F31E67F07}.Debug|Any CPU.Build.0 = Debug|Any CPU
		{A81E0EB0-ADA9-4BBE-98E0-AF0F31E67F07}.Debug|x64.ActiveCfg = Debug|Any CPU
		{A81E0EB0-ADA9-4BBE-98E0-AF0F31E67F07}.Debug|x64.Build.0 = Debug|Any CPU
		{A81E0EB0-ADA9-4BBE-98E0-AF0F31E67F07}.Debug|x86.ActiveCfg = Debug|Any CPU
		{A81E0EB0-ADA9-4BBE-98E0-AF0F31E67F07}.Debug|x86.Build.0 = Debug|Any CPU
		{A81E0EB0-ADA9-4BBE-98E0-AF0F31E67F07}.Release|Any CPU.ActiveCfg = Release|Any CPU
		{A81E0EB0-ADA9-4BBE-98E0-AF0F31E67F07}.Release|Any CPU.Build.0 = Release|Any CPU
		{A81E0EB0-ADA9-4BBE-98E0-AF0F31E67F07}.Release|x64.ActiveCfg = Release|Any CPU
		{A81E0EB0-ADA9-4BBE-98E0-AF0F31E67F07}.Release|x64.Build.0 = Release|Any CPU
		{A81E0EB0-ADA9-4BBE-98E0-AF0F31E67F07}.Release|x86.ActiveCfg = Release|Any CPU
		{A81E0EB0-ADA9-4BBE-98E0-AF0F31E67F07}.Release|x86.Build.0 = Release|Any CPU
		{0A737427-034B-4872-8FCC-A552CB60D672}.Debug|Any CPU.ActiveCfg = Debug|Any CPU
		{0A737427-034B-4872-8FCC-A552CB60D672}.Debug|Any CPU.Build.0 = Debug|Any CPU
		{0A737427-034B-4872-8FCC-A552CB60D672}.Debug|x64.ActiveCfg = Debug|Any CPU
		{0A737427-034B-4872-8FCC-A552CB60D672}.Debug|x64.Build.0 = Debug|Any CPU
		{0A737427-034B-4872-8FCC-A552CB60D672}.Debug|x86.ActiveCfg = Debug|Any CPU
		{0A737427-034B-4872-8FCC-A552CB60D672}.Debug|x86.Build.0 = Debug|Any CPU
		{0A737427-034B-4872-8FCC-A552CB60D672}.Release|Any CPU.ActiveCfg = Release|Any CPU
		{0A737427-034B-4872-8FCC-A552CB60D672}.Release|Any CPU.Build.0 = Release|Any CPU
		{0A737427-034B-4872-8FCC-A552CB60D672}.Release|x64.ActiveCfg = Release|Any CPU
		{0A737427-034B-4872-8FCC-A552CB60D672}.Release|x64.Build.0 = Release|Any CPU
		{0A737427-034B-4872-8FCC-A552CB60D672}.Release|x86.ActiveCfg = Release|Any CPU
		{0A737427-034B-4872-8FCC-A552CB60D672}.Release|x86.Build.0 = Release|Any CPU
		{0BD388B6-D12F-4BA8-B4A6-000007823210}.Debug|Any CPU.ActiveCfg = Debug|Any CPU
		{0BD388B6-D12F-4BA8-B4A6-000007823210}.Debug|Any CPU.Build.0 = Debug|Any CPU
		{0BD388B6-D12F-4BA8-B4A6-000007823210}.Debug|x64.ActiveCfg = Debug|Any CPU
		{0BD388B6-D12F-4BA8-B4A6-000007823210}.Debug|x64.Build.0 = Debug|Any CPU
		{0BD388B6-D12F-4BA8-B4A6-000007823210}.Debug|x86.ActiveCfg = Debug|Any CPU
		{0BD388B6-D12F-4BA8-B4A6-000007823210}.Debug|x86.Build.0 = Debug|Any CPU
		{0BD388B6-D12F-4BA8-B4A6-000007823210}.Release|Any CPU.ActiveCfg = Release|Any CPU
		{0BD388B6-D12F-4BA8-B4A6-000007823210}.Release|Any CPU.Build.0 = Release|Any CPU
		{0BD388B6-D12F-4BA8-B4A6-000007823210}.Release|x64.ActiveCfg = Release|Any CPU
		{0BD388B6-D12F-4BA8-B4A6-000007823210}.Release|x64.Build.0 = Release|Any CPU
		{0BD388B6-D12F-4BA8-B4A6-000007823210}.Release|x86.ActiveCfg = Release|Any CPU
		{0BD388B6-D12F-4BA8-B4A6-000007823210}.Release|x86.Build.0 = Release|Any CPU
		{10768FC3-7821-4BA3-8173-244B76F50F6A}.Debug|Any CPU.ActiveCfg = Debug|Any CPU
		{10768FC3-7821-4BA3-8173-244B76F50F6A}.Debug|Any CPU.Build.0 = Debug|Any CPU
		{10768FC3-7821-4BA3-8173-244B76F50F6A}.Debug|x64.ActiveCfg = Debug|Any CPU
		{10768FC3-7821-4BA3-8173-244B76F50F6A}.Debug|x64.Build.0 = Debug|Any CPU
		{10768FC3-7821-4BA3-8173-244B76F50F6A}.Debug|x86.ActiveCfg = Debug|Any CPU
		{10768FC3-7821-4BA3-8173-244B76F50F6A}.Debug|x86.Build.0 = Debug|Any CPU
		{10768FC3-7821-4BA3-8173-244B76F50F6A}.Release|Any CPU.ActiveCfg = Release|Any CPU
		{10768FC3-7821-4BA3-8173-244B76F50F6A}.Release|Any CPU.Build.0 = Release|Any CPU
		{10768FC3-7821-4BA3-8173-244B76F50F6A}.Release|x64.ActiveCfg = Release|Any CPU
		{10768FC3-7821-4BA3-8173-244B76F50F6A}.Release|x64.Build.0 = Release|Any CPU
		{10768FC3-7821-4BA3-8173-244B76F50F6A}.Release|x86.ActiveCfg = Release|Any CPU
		{10768FC3-7821-4BA3-8173-244B76F50F6A}.Release|x86.Build.0 = Release|Any CPU
		{B13AC5AF-E69B-44B1-AB2F-7F44712E408C}.Debug|Any CPU.ActiveCfg = Debug|Any CPU
		{B13AC5AF-E69B-44B1-AB2F-7F44712E408C}.Debug|Any CPU.Build.0 = Debug|Any CPU
		{B13AC5AF-E69B-44B1-AB2F-7F44712E408C}.Debug|x64.ActiveCfg = Debug|Any CPU
		{B13AC5AF-E69B-44B1-AB2F-7F44712E408C}.Debug|x64.Build.0 = Debug|Any CPU
		{B13AC5AF-E69B-44B1-AB2F-7F44712E408C}.Debug|x86.ActiveCfg = Debug|Any CPU
		{B13AC5AF-E69B-44B1-AB2F-7F44712E408C}.Debug|x86.Build.0 = Debug|Any CPU
		{B13AC5AF-E69B-44B1-AB2F-7F44712E408C}.Release|Any CPU.ActiveCfg = Release|Any CPU
		{B13AC5AF-E69B-44B1-AB2F-7F44712E408C}.Release|Any CPU.Build.0 = Release|Any CPU
		{B13AC5AF-E69B-44B1-AB2F-7F44712E408C}.Release|x64.ActiveCfg = Release|Any CPU
		{B13AC5AF-E69B-44B1-AB2F-7F44712E408C}.Release|x64.Build.0 = Release|Any CPU
		{B13AC5AF-E69B-44B1-AB2F-7F44712E408C}.Release|x86.ActiveCfg = Release|Any CPU
		{B13AC5AF-E69B-44B1-AB2F-7F44712E408C}.Release|x86.Build.0 = Release|Any CPU
		{31E6EF7F-CC6E-46C6-85B2-B018810E8DF3}.Debug|Any CPU.ActiveCfg = Debug|Any CPU
		{31E6EF7F-CC6E-46C6-85B2-B018810E8DF3}.Debug|Any CPU.Build.0 = Debug|Any CPU
		{31E6EF7F-CC6E-46C6-85B2-B018810E8DF3}.Debug|x64.ActiveCfg = Debug|Any CPU
		{31E6EF7F-CC6E-46C6-85B2-B018810E8DF3}.Debug|x64.Build.0 = Debug|Any CPU
		{31E6EF7F-CC6E-46C6-85B2-B018810E8DF3}.Debug|x86.ActiveCfg = Debug|Any CPU
		{31E6EF7F-CC6E-46C6-85B2-B018810E8DF3}.Debug|x86.Build.0 = Debug|Any CPU
		{31E6EF7F-CC6E-46C6-85B2-B018810E8DF3}.Release|Any CPU.ActiveCfg = Release|Any CPU
		{31E6EF7F-CC6E-46C6-85B2-B018810E8DF3}.Release|Any CPU.Build.0 = Release|Any CPU
		{31E6EF7F-CC6E-46C6-85B2-B018810E8DF3}.Release|x64.ActiveCfg = Release|Any CPU
		{31E6EF7F-CC6E-46C6-85B2-B018810E8DF3}.Release|x64.Build.0 = Release|Any CPU
		{31E6EF7F-CC6E-46C6-85B2-B018810E8DF3}.Release|x86.ActiveCfg = Release|Any CPU
		{31E6EF7F-CC6E-46C6-85B2-B018810E8DF3}.Release|x86.Build.0 = Release|Any CPU
		{5EE513B8-00F5-4EC7-A0A4-515BC9C63B51}.Debug|Any CPU.ActiveCfg = Debug|Any CPU
		{5EE513B8-00F5-4EC7-A0A4-515BC9C63B51}.Debug|Any CPU.Build.0 = Debug|Any CPU
		{5EE513B8-00F5-4EC7-A0A4-515BC9C63B51}.Debug|x64.ActiveCfg = Debug|Any CPU
		{5EE513B8-00F5-4EC7-A0A4-515BC9C63B51}.Debug|x64.Build.0 = Debug|Any CPU
		{5EE513B8-00F5-4EC7-A0A4-515BC9C63B51}.Debug|x86.ActiveCfg = Debug|Any CPU
		{5EE513B8-00F5-4EC7-A0A4-515BC9C63B51}.Debug|x86.Build.0 = Debug|Any CPU
		{5EE513B8-00F5-4EC7-A0A4-515BC9C63B51}.Release|Any CPU.ActiveCfg = Release|Any CPU
		{5EE513B8-00F5-4EC7-A0A4-515BC9C63B51}.Release|Any CPU.Build.0 = Release|Any CPU
		{5EE513B8-00F5-4EC7-A0A4-515BC9C63B51}.Release|x64.ActiveCfg = Release|Any CPU
		{5EE513B8-00F5-4EC7-A0A4-515BC9C63B51}.Release|x64.Build.0 = Release|Any CPU
		{5EE513B8-00F5-4EC7-A0A4-515BC9C63B51}.Release|x86.ActiveCfg = Release|Any CPU
		{5EE513B8-00F5-4EC7-A0A4-515BC9C63B51}.Release|x86.Build.0 = Release|Any CPU
		{ABA1EF6F-456E-4044-A833-E8CB0531D477}.Debug|Any CPU.ActiveCfg = Debug|Any CPU
		{ABA1EF6F-456E-4044-A833-E8CB0531D477}.Debug|Any CPU.Build.0 = Debug|Any CPU
		{ABA1EF6F-456E-4044-A833-E8CB0531D477}.Debug|x64.ActiveCfg = Debug|Any CPU
		{ABA1EF6F-456E-4044-A833-E8CB0531D477}.Debug|x64.Build.0 = Debug|Any CPU
		{ABA1EF6F-456E-4044-A833-E8CB0531D477}.Debug|x86.ActiveCfg = Debug|Any CPU
		{ABA1EF6F-456E-4044-A833-E8CB0531D477}.Debug|x86.Build.0 = Debug|Any CPU
		{ABA1EF6F-456E-4044-A833-E8CB0531D477}.Release|Any CPU.ActiveCfg = Release|Any CPU
		{ABA1EF6F-456E-4044-A833-E8CB0531D477}.Release|Any CPU.Build.0 = Release|Any CPU
		{ABA1EF6F-456E-4044-A833-E8CB0531D477}.Release|x64.ActiveCfg = Release|Any CPU
		{ABA1EF6F-456E-4044-A833-E8CB0531D477}.Release|x64.Build.0 = Release|Any CPU
		{ABA1EF6F-456E-4044-A833-E8CB0531D477}.Release|x86.ActiveCfg = Release|Any CPU
		{ABA1EF6F-456E-4044-A833-E8CB0531D477}.Release|x86.Build.0 = Release|Any CPU
		{AECDE870-E022-4C5B-956E-D0E283753165}.Debug|Any CPU.ActiveCfg = Debug|Any CPU
		{AECDE870-E022-4C5B-956E-D0E283753165}.Debug|Any CPU.Build.0 = Debug|Any CPU
		{AECDE870-E022-4C5B-956E-D0E283753165}.Debug|x64.ActiveCfg = Debug|Any CPU
		{AECDE870-E022-4C5B-956E-D0E283753165}.Debug|x64.Build.0 = Debug|Any CPU
		{AECDE870-E022-4C5B-956E-D0E283753165}.Debug|x86.ActiveCfg = Debug|Any CPU
		{AECDE870-E022-4C5B-956E-D0E283753165}.Debug|x86.Build.0 = Debug|Any CPU
		{AECDE870-E022-4C5B-956E-D0E283753165}.Release|Any CPU.ActiveCfg = Release|Any CPU
		{AECDE870-E022-4C5B-956E-D0E283753165}.Release|Any CPU.Build.0 = Release|Any CPU
		{AECDE870-E022-4C5B-956E-D0E283753165}.Release|x64.ActiveCfg = Release|Any CPU
		{AECDE870-E022-4C5B-956E-D0E283753165}.Release|x64.Build.0 = Release|Any CPU
		{AECDE870-E022-4C5B-956E-D0E283753165}.Release|x86.ActiveCfg = Release|Any CPU
		{AECDE870-E022-4C5B-956E-D0E283753165}.Release|x86.Build.0 = Release|Any CPU
		{26BC202D-D361-458B-92FD-AB2CF325FC44}.Debug|Any CPU.ActiveCfg = Debug|Any CPU
		{26BC202D-D361-458B-92FD-AB2CF325FC44}.Debug|Any CPU.Build.0 = Debug|Any CPU
		{26BC202D-D361-458B-92FD-AB2CF325FC44}.Debug|x64.ActiveCfg = Debug|Any CPU
		{26BC202D-D361-458B-92FD-AB2CF325FC44}.Debug|x64.Build.0 = Debug|Any CPU
		{26BC202D-D361-458B-92FD-AB2CF325FC44}.Debug|x86.ActiveCfg = Debug|Any CPU
		{26BC202D-D361-458B-92FD-AB2CF325FC44}.Debug|x86.Build.0 = Debug|Any CPU
		{26BC202D-D361-458B-92FD-AB2CF325FC44}.Release|Any CPU.ActiveCfg = Release|Any CPU
		{26BC202D-D361-458B-92FD-AB2CF325FC44}.Release|Any CPU.Build.0 = Release|Any CPU
		{26BC202D-D361-458B-92FD-AB2CF325FC44}.Release|x64.ActiveCfg = Release|Any CPU
		{26BC202D-D361-458B-92FD-AB2CF325FC44}.Release|x64.Build.0 = Release|Any CPU
		{26BC202D-D361-458B-92FD-AB2CF325FC44}.Release|x86.ActiveCfg = Release|Any CPU
		{26BC202D-D361-458B-92FD-AB2CF325FC44}.Release|x86.Build.0 = Release|Any CPU
		{6EE34963-B99A-47A5-B96E-4159736FBEFC}.Debug|Any CPU.ActiveCfg = Debug|Any CPU
		{6EE34963-B99A-47A5-B96E-4159736FBEFC}.Debug|Any CPU.Build.0 = Debug|Any CPU
		{6EE34963-B99A-47A5-B96E-4159736FBEFC}.Debug|x64.ActiveCfg = Debug|Any CPU
		{6EE34963-B99A-47A5-B96E-4159736FBEFC}.Debug|x64.Build.0 = Debug|Any CPU
		{6EE34963-B99A-47A5-B96E-4159736FBEFC}.Debug|x86.ActiveCfg = Debug|Any CPU
		{6EE34963-B99A-47A5-B96E-4159736FBEFC}.Debug|x86.Build.0 = Debug|Any CPU
		{6EE34963-B99A-47A5-B96E-4159736FBEFC}.Release|Any CPU.ActiveCfg = Release|Any CPU
		{6EE34963-B99A-47A5-B96E-4159736FBEFC}.Release|Any CPU.Build.0 = Release|Any CPU
		{6EE34963-B99A-47A5-B96E-4159736FBEFC}.Release|x64.ActiveCfg = Release|Any CPU
		{6EE34963-B99A-47A5-B96E-4159736FBEFC}.Release|x64.Build.0 = Release|Any CPU
		{6EE34963-B99A-47A5-B96E-4159736FBEFC}.Release|x86.ActiveCfg = Release|Any CPU
		{6EE34963-B99A-47A5-B96E-4159736FBEFC}.Release|x86.Build.0 = Release|Any CPU
		{FD4A481C-552E-4A69-B67F-72225C83B721}.Debug|Any CPU.ActiveCfg = Debug|Any CPU
		{FD4A481C-552E-4A69-B67F-72225C83B721}.Debug|Any CPU.Build.0 = Debug|Any CPU
		{FD4A481C-552E-4A69-B67F-72225C83B721}.Debug|x64.ActiveCfg = Debug|Any CPU
		{FD4A481C-552E-4A69-B67F-72225C83B721}.Debug|x64.Build.0 = Debug|Any CPU
		{FD4A481C-552E-4A69-B67F-72225C83B721}.Debug|x86.ActiveCfg = Debug|Any CPU
		{FD4A481C-552E-4A69-B67F-72225C83B721}.Debug|x86.Build.0 = Debug|Any CPU
		{FD4A481C-552E-4A69-B67F-72225C83B721}.Release|Any CPU.ActiveCfg = Release|Any CPU
		{FD4A481C-552E-4A69-B67F-72225C83B721}.Release|Any CPU.Build.0 = Release|Any CPU
		{FD4A481C-552E-4A69-B67F-72225C83B721}.Release|x64.ActiveCfg = Release|Any CPU
		{FD4A481C-552E-4A69-B67F-72225C83B721}.Release|x64.Build.0 = Release|Any CPU
		{FD4A481C-552E-4A69-B67F-72225C83B721}.Release|x86.ActiveCfg = Release|Any CPU
		{FD4A481C-552E-4A69-B67F-72225C83B721}.Release|x86.Build.0 = Release|Any CPU
		{3AB81B6B-647B-48D4-B43C-57D699AEC3FD}.Debug|Any CPU.ActiveCfg = Debug|Any CPU
		{3AB81B6B-647B-48D4-B43C-57D699AEC3FD}.Debug|Any CPU.Build.0 = Debug|Any CPU
		{3AB81B6B-647B-48D4-B43C-57D699AEC3FD}.Debug|x64.ActiveCfg = Debug|Any CPU
		{3AB81B6B-647B-48D4-B43C-57D699AEC3FD}.Debug|x64.Build.0 = Debug|Any CPU
		{3AB81B6B-647B-48D4-B43C-57D699AEC3FD}.Debug|x86.ActiveCfg = Debug|Any CPU
		{3AB81B6B-647B-48D4-B43C-57D699AEC3FD}.Debug|x86.Build.0 = Debug|Any CPU
		{3AB81B6B-647B-48D4-B43C-57D699AEC3FD}.Release|Any CPU.ActiveCfg = Release|Any CPU
		{3AB81B6B-647B-48D4-B43C-57D699AEC3FD}.Release|Any CPU.Build.0 = Release|Any CPU
		{3AB81B6B-647B-48D4-B43C-57D699AEC3FD}.Release|x64.ActiveCfg = Release|Any CPU
		{3AB81B6B-647B-48D4-B43C-57D699AEC3FD}.Release|x64.Build.0 = Release|Any CPU
		{3AB81B6B-647B-48D4-B43C-57D699AEC3FD}.Release|x86.ActiveCfg = Release|Any CPU
		{3AB81B6B-647B-48D4-B43C-57D699AEC3FD}.Release|x86.Build.0 = Release|Any CPU
		{0FF6EAAE-1AD6-482A-ACD4-289D4F476E7D}.Debug|Any CPU.ActiveCfg = Debug|Any CPU
		{0FF6EAAE-1AD6-482A-ACD4-289D4F476E7D}.Debug|Any CPU.Build.0 = Debug|Any CPU
		{0FF6EAAE-1AD6-482A-ACD4-289D4F476E7D}.Debug|x64.ActiveCfg = Debug|Any CPU
		{0FF6EAAE-1AD6-482A-ACD4-289D4F476E7D}.Debug|x64.Build.0 = Debug|Any CPU
		{0FF6EAAE-1AD6-482A-ACD4-289D4F476E7D}.Debug|x86.ActiveCfg = Debug|Any CPU
		{0FF6EAAE-1AD6-482A-ACD4-289D4F476E7D}.Debug|x86.Build.0 = Debug|Any CPU
		{0FF6EAAE-1AD6-482A-ACD4-289D4F476E7D}.Release|Any CPU.ActiveCfg = Release|Any CPU
		{0FF6EAAE-1AD6-482A-ACD4-289D4F476E7D}.Release|Any CPU.Build.0 = Release|Any CPU
		{0FF6EAAE-1AD6-482A-ACD4-289D4F476E7D}.Release|x64.ActiveCfg = Release|Any CPU
		{0FF6EAAE-1AD6-482A-ACD4-289D4F476E7D}.Release|x64.Build.0 = Release|Any CPU
		{0FF6EAAE-1AD6-482A-ACD4-289D4F476E7D}.Release|x86.ActiveCfg = Release|Any CPU
		{0FF6EAAE-1AD6-482A-ACD4-289D4F476E7D}.Release|x86.Build.0 = Release|Any CPU
		{BD3A0998-069E-4B11-A838-64190F8DC93C}.Debug|Any CPU.ActiveCfg = Debug|Any CPU
		{BD3A0998-069E-4B11-A838-64190F8DC93C}.Debug|Any CPU.Build.0 = Debug|Any CPU
		{BD3A0998-069E-4B11-A838-64190F8DC93C}.Debug|x64.ActiveCfg = Debug|Any CPU
		{BD3A0998-069E-4B11-A838-64190F8DC93C}.Debug|x64.Build.0 = Debug|Any CPU
		{BD3A0998-069E-4B11-A838-64190F8DC93C}.Debug|x86.ActiveCfg = Debug|Any CPU
		{BD3A0998-069E-4B11-A838-64190F8DC93C}.Debug|x86.Build.0 = Debug|Any CPU
		{BD3A0998-069E-4B11-A838-64190F8DC93C}.Release|Any CPU.ActiveCfg = Release|Any CPU
		{BD3A0998-069E-4B11-A838-64190F8DC93C}.Release|Any CPU.Build.0 = Release|Any CPU
		{BD3A0998-069E-4B11-A838-64190F8DC93C}.Release|x64.ActiveCfg = Release|Any CPU
		{BD3A0998-069E-4B11-A838-64190F8DC93C}.Release|x64.Build.0 = Release|Any CPU
		{BD3A0998-069E-4B11-A838-64190F8DC93C}.Release|x86.ActiveCfg = Release|Any CPU
		{BD3A0998-069E-4B11-A838-64190F8DC93C}.Release|x86.Build.0 = Release|Any CPU
		{DB463687-9513-4DD3-94EE-3D47AC4E71DB}.Debug|Any CPU.ActiveCfg = Debug|Any CPU
		{DB463687-9513-4DD3-94EE-3D47AC4E71DB}.Debug|Any CPU.Build.0 = Debug|Any CPU
		{DB463687-9513-4DD3-94EE-3D47AC4E71DB}.Debug|x64.ActiveCfg = Debug|Any CPU
		{DB463687-9513-4DD3-94EE-3D47AC4E71DB}.Debug|x64.Build.0 = Debug|Any CPU
		{DB463687-9513-4DD3-94EE-3D47AC4E71DB}.Debug|x86.ActiveCfg = Debug|Any CPU
		{DB463687-9513-4DD3-94EE-3D47AC4E71DB}.Debug|x86.Build.0 = Debug|Any CPU
		{DB463687-9513-4DD3-94EE-3D47AC4E71DB}.Release|Any CPU.ActiveCfg = Release|Any CPU
		{DB463687-9513-4DD3-94EE-3D47AC4E71DB}.Release|Any CPU.Build.0 = Release|Any CPU
		{DB463687-9513-4DD3-94EE-3D47AC4E71DB}.Release|x64.ActiveCfg = Release|Any CPU
		{DB463687-9513-4DD3-94EE-3D47AC4E71DB}.Release|x64.Build.0 = Release|Any CPU
		{DB463687-9513-4DD3-94EE-3D47AC4E71DB}.Release|x86.ActiveCfg = Release|Any CPU
		{DB463687-9513-4DD3-94EE-3D47AC4E71DB}.Release|x86.Build.0 = Release|Any CPU
		{24D19B53-0C9C-451E-A7BE-04B0BAFAABE7}.Debug|Any CPU.ActiveCfg = Debug|Any CPU
		{24D19B53-0C9C-451E-A7BE-04B0BAFAABE7}.Debug|Any CPU.Build.0 = Debug|Any CPU
		{24D19B53-0C9C-451E-A7BE-04B0BAFAABE7}.Debug|x64.ActiveCfg = Debug|Any CPU
		{24D19B53-0C9C-451E-A7BE-04B0BAFAABE7}.Debug|x64.Build.0 = Debug|Any CPU
		{24D19B53-0C9C-451E-A7BE-04B0BAFAABE7}.Debug|x86.ActiveCfg = Debug|Any CPU
		{24D19B53-0C9C-451E-A7BE-04B0BAFAABE7}.Debug|x86.Build.0 = Debug|Any CPU
		{24D19B53-0C9C-451E-A7BE-04B0BAFAABE7}.Release|Any CPU.ActiveCfg = Release|Any CPU
		{24D19B53-0C9C-451E-A7BE-04B0BAFAABE7}.Release|Any CPU.Build.0 = Release|Any CPU
		{24D19B53-0C9C-451E-A7BE-04B0BAFAABE7}.Release|x64.ActiveCfg = Release|Any CPU
		{24D19B53-0C9C-451E-A7BE-04B0BAFAABE7}.Release|x64.Build.0 = Release|Any CPU
		{24D19B53-0C9C-451E-A7BE-04B0BAFAABE7}.Release|x86.ActiveCfg = Release|Any CPU
		{24D19B53-0C9C-451E-A7BE-04B0BAFAABE7}.Release|x86.Build.0 = Release|Any CPU
		{0F514A37-36A8-413A-B1C4-961B8075DDF5}.Debug|Any CPU.ActiveCfg = Debug|Any CPU
		{0F514A37-36A8-413A-B1C4-961B8075DDF5}.Debug|Any CPU.Build.0 = Debug|Any CPU
		{0F514A37-36A8-413A-B1C4-961B8075DDF5}.Debug|x64.ActiveCfg = Debug|Any CPU
		{0F514A37-36A8-413A-B1C4-961B8075DDF5}.Debug|x64.Build.0 = Debug|Any CPU
		{0F514A37-36A8-413A-B1C4-961B8075DDF5}.Debug|x86.ActiveCfg = Debug|Any CPU
		{0F514A37-36A8-413A-B1C4-961B8075DDF5}.Debug|x86.Build.0 = Debug|Any CPU
		{0F514A37-36A8-413A-B1C4-961B8075DDF5}.Release|Any CPU.ActiveCfg = Release|Any CPU
		{0F514A37-36A8-413A-B1C4-961B8075DDF5}.Release|Any CPU.Build.0 = Release|Any CPU
		{0F514A37-36A8-413A-B1C4-961B8075DDF5}.Release|x64.ActiveCfg = Release|Any CPU
		{0F514A37-36A8-413A-B1C4-961B8075DDF5}.Release|x64.Build.0 = Release|Any CPU
		{0F514A37-36A8-413A-B1C4-961B8075DDF5}.Release|x86.ActiveCfg = Release|Any CPU
		{0F514A37-36A8-413A-B1C4-961B8075DDF5}.Release|x86.Build.0 = Release|Any CPU
		{4ED5A4DA-3361-4EE9-9750-153915B99A92}.Debug|Any CPU.ActiveCfg = Debug|Any CPU
		{4ED5A4DA-3361-4EE9-9750-153915B99A92}.Debug|Any CPU.Build.0 = Debug|Any CPU
		{4ED5A4DA-3361-4EE9-9750-153915B99A92}.Debug|x64.ActiveCfg = Debug|Any CPU
		{4ED5A4DA-3361-4EE9-9750-153915B99A92}.Debug|x64.Build.0 = Debug|Any CPU
		{4ED5A4DA-3361-4EE9-9750-153915B99A92}.Debug|x86.ActiveCfg = Debug|Any CPU
		{4ED5A4DA-3361-4EE9-9750-153915B99A92}.Debug|x86.Build.0 = Debug|Any CPU
		{4ED5A4DA-3361-4EE9-9750-153915B99A92}.Release|Any CPU.ActiveCfg = Release|Any CPU
		{4ED5A4DA-3361-4EE9-9750-153915B99A92}.Release|Any CPU.Build.0 = Release|Any CPU
		{4ED5A4DA-3361-4EE9-9750-153915B99A92}.Release|x64.ActiveCfg = Release|Any CPU
		{4ED5A4DA-3361-4EE9-9750-153915B99A92}.Release|x64.Build.0 = Release|Any CPU
		{4ED5A4DA-3361-4EE9-9750-153915B99A92}.Release|x86.ActiveCfg = Release|Any CPU
		{4ED5A4DA-3361-4EE9-9750-153915B99A92}.Release|x86.Build.0 = Release|Any CPU
		{5BC57D31-F5B3-4E7A-9370-255179DE07F1}.Debug|Any CPU.ActiveCfg = Debug|Any CPU
		{5BC57D31-F5B3-4E7A-9370-255179DE07F1}.Debug|Any CPU.Build.0 = Debug|Any CPU
		{5BC57D31-F5B3-4E7A-9370-255179DE07F1}.Debug|x64.ActiveCfg = Debug|Any CPU
		{5BC57D31-F5B3-4E7A-9370-255179DE07F1}.Debug|x64.Build.0 = Debug|Any CPU
		{5BC57D31-F5B3-4E7A-9370-255179DE07F1}.Debug|x86.ActiveCfg = Debug|Any CPU
		{5BC57D31-F5B3-4E7A-9370-255179DE07F1}.Debug|x86.Build.0 = Debug|Any CPU
		{5BC57D31-F5B3-4E7A-9370-255179DE07F1}.Release|Any CPU.ActiveCfg = Release|Any CPU
		{5BC57D31-F5B3-4E7A-9370-255179DE07F1}.Release|Any CPU.Build.0 = Release|Any CPU
		{5BC57D31-F5B3-4E7A-9370-255179DE07F1}.Release|x64.ActiveCfg = Release|Any CPU
		{5BC57D31-F5B3-4E7A-9370-255179DE07F1}.Release|x64.Build.0 = Release|Any CPU
		{5BC57D31-F5B3-4E7A-9370-255179DE07F1}.Release|x86.ActiveCfg = Release|Any CPU
		{5BC57D31-F5B3-4E7A-9370-255179DE07F1}.Release|x86.Build.0 = Release|Any CPU
	EndGlobalSection
	GlobalSection(SolutionProperties) = preSolution
		HideSolutionNode = FALSE
	EndGlobalSection
	GlobalSection(NestedProjects) = preSolution
		{BE100FCF-051B-4802-81F1-8ADC2ACCF5B7} = {858831E2-0B50-4C03-B45D-99A7E8B59FC3}
		{2FD3FD62-4B79-4F21-B37B-C82BA2950375} = {E2C52776-5763-4FB7-8C1D-533895F62A05}
		{4ECE825D-B3E4-45FF-86D3-7769D5528CAC} = {ACF2CB7F-B52A-426D-A8A7-31FCCA4B3858}
		{A1A66ED5-C691-4E43-939F-5EDD66B95A74} = {ACF2CB7F-B52A-426D-A8A7-31FCCA4B3858}
		{8723B160-E315-43AF-8B10-D6DBBEB0FDE1} = {858831E2-0B50-4C03-B45D-99A7E8B59FC3}
		{2D9B8ADB-95AE-453E-89D3-05E046538A40} = {858831E2-0B50-4C03-B45D-99A7E8B59FC3}
		{EDE23DBD-F823-40AA-AB08-9BF0779E7A27} = {FC36BA5D-286A-4D4E-B01B-012242ED7054}
		{EBB289A0-8712-42D1-A08C-5DBF2EFC8294} = {22D2E941-4E59-4562-B9A8-188FA01C6C20}
		{104EE0F6-C654-4A93-97DA-0E0E72F19AF5} = {5CDA5A2D-A253-44D7-9607-22E950FAD0D6}
		{B22B504B-B4CD-4ED1-88CF-F6F386E199D3} = {ACF2CB7F-B52A-426D-A8A7-31FCCA4B3858}
		{22FFDDFA-5A5E-498D-8307-CE2340FFF3A3} = {ACF2CB7F-B52A-426D-A8A7-31FCCA4B3858}
		{0AEF649D-678A-45E0-8129-EAD270A1CEFB} = {ACF2CB7F-B52A-426D-A8A7-31FCCA4B3858}
		{EBA25AB5-DA13-4BE5-B085-325DEDFFB6F3} = {858831E2-0B50-4C03-B45D-99A7E8B59FC3}
		{C61B419F-2018-438D-A0B6-D27865FA9243} = {858831E2-0B50-4C03-B45D-99A7E8B59FC3}
		{98246907-A44B-4D50-88E6-6F46171A07DE} = {858831E2-0B50-4C03-B45D-99A7E8B59FC3}
		{C1C30D36-6978-43C2-96AC-7FD9892ADB1F} = {97280E87-A689-4C79-A587-246932F44FC9}
		{51B351E1-AA03-47D5-8065-E8008660803D} = {97280E87-A689-4C79-A587-246932F44FC9}
		{64F759C1-B3B9-4ACB-A530-3AE0A938056C} = {97280E87-A689-4C79-A587-246932F44FC9}
		{460B0940-91A1-44D4-8E5C-B4B85DA96AF4} = {66ED88B4-166A-41CF-9CC5-68F370E446E9}
		{93368713-8DF0-4BAA-9D26-DF02B0AFB127} = {F39CAC13-E9E0-49A5-B6BC-E3C69D0A2EB9}
		{D1112B41-5B13-44AA-8E0B-50847AC2830A} = {858831E2-0B50-4C03-B45D-99A7E8B59FC3}
		{4D65639C-2163-4039-9E5B-D2A155C1CA31} = {AC072787-947E-4BB3-A6DC-51F224AE80CA}
		{044CF9FB-9F94-4C17-9FAF-744A167FE184} = {858831E2-0B50-4C03-B45D-99A7E8B59FC3}
		{2DF9F6ED-254B-4613-99F3-037815337C5B} = {F39CAC13-E9E0-49A5-B6BC-E3C69D0A2EB9}
		{F342A3F7-E685-4F66-90DB-7B186C936778} = {ACF2CB7F-B52A-426D-A8A7-31FCCA4B3858}
		{BA375A79-D23E-4325-B4DE-16F54D4C1560} = {ACF2CB7F-B52A-426D-A8A7-31FCCA4B3858}
		{B3C6C0CD-41C1-45CF-8B22-7AAC6210A6C3} = {AC072787-947E-4BB3-A6DC-51F224AE80CA}
		{8DAA4B62-6D7E-4003-AE59-5FB1D3572434} = {ACF2CB7F-B52A-426D-A8A7-31FCCA4B3858}
		{821B94B3-26B8-401A-922C-B21FDB81B75F} = {ACF2CB7F-B52A-426D-A8A7-31FCCA4B3858}
		{35AA33EB-2DC7-429B-965A-EC67138B4CF5} = {858831E2-0B50-4C03-B45D-99A7E8B59FC3}
		{308FE39A-606B-4EB6-B7E7-81FA5E4BA94A} = {858831E2-0B50-4C03-B45D-99A7E8B59FC3}
		{40A8D2B8-4F90-4325-99CD-C15FE2FB0056} = {E2C52776-5763-4FB7-8C1D-533895F62A05}
		{A54DA0E5-8EF7-47F5-8809-FD45ABD05CB6} = {4D9014B7-2B9B-43B1-8598-EE8DA98F8D99}
		{B381BFEE-7F35-4B3A-A010-1660BBCE8328} = {4D9014B7-2B9B-43B1-8598-EE8DA98F8D99}
		{983D1AA7-CEE6-48CB-93C7-CF69D04148FC} = {AB829C51-186F-4A9F-A0FC-DCE538EF860F}
		{93344579-EC95-4EA0-A86A-5094552D9E8F} = {858831E2-0B50-4C03-B45D-99A7E8B59FC3}
		{D4E11602-F828-458D-9C1D-820064E1F6A3} = {AB829C51-186F-4A9F-A0FC-DCE538EF860F}
		{38003313-F5AA-4018-ADD4-270778137CEA} = {2E2299A4-4BBF-4F1D-8ABA-D9A2579AA1C3}
		{9D3A662D-CC15-4DE5-B4B1-145309706184} = {2E2299A4-4BBF-4F1D-8ABA-D9A2579AA1C3}
		{A81E0EB0-ADA9-4BBE-98E0-AF0F31E67F07} = {AB829C51-186F-4A9F-A0FC-DCE538EF860F}
		{0A737427-034B-4872-8FCC-A552CB60D672} = {AB829C51-186F-4A9F-A0FC-DCE538EF860F}
		{0BD388B6-D12F-4BA8-B4A6-000007823210} = {858831E2-0B50-4C03-B45D-99A7E8B59FC3}
		{10768FC3-7821-4BA3-8173-244B76F50F6A} = {858831E2-0B50-4C03-B45D-99A7E8B59FC3}
		{B13AC5AF-E69B-44B1-AB2F-7F44712E408C} = {E2C52776-5763-4FB7-8C1D-533895F62A05}
		{31E6EF7F-CC6E-46C6-85B2-B018810E8DF3} = {E2C52776-5763-4FB7-8C1D-533895F62A05}
		{5EE513B8-00F5-4EC7-A0A4-515BC9C63B51} = {858831E2-0B50-4C03-B45D-99A7E8B59FC3}
		{ABA1EF6F-456E-4044-A833-E8CB0531D477} = {858831E2-0B50-4C03-B45D-99A7E8B59FC3}
		{AECDE870-E022-4C5B-956E-D0E283753165} = {E2C52776-5763-4FB7-8C1D-533895F62A05}
		{26BC202D-D361-458B-92FD-AB2CF325FC44} = {858831E2-0B50-4C03-B45D-99A7E8B59FC3}
		{6EE34963-B99A-47A5-B96E-4159736FBEFC} = {0D20B888-DEE4-4F8A-B875-21DE003A8AA8}
		{FD4A481C-552E-4A69-B67F-72225C83B721} = {858831E2-0B50-4C03-B45D-99A7E8B59FC3}
		{3AB81B6B-647B-48D4-B43C-57D699AEC3FD} = {858831E2-0B50-4C03-B45D-99A7E8B59FC3}
		{0FF6EAAE-1AD6-482A-ACD4-289D4F476E7D} = {858831E2-0B50-4C03-B45D-99A7E8B59FC3}
		{BD3A0998-069E-4B11-A838-64190F8DC93C} = {0B068D39-B57C-4424-9BB8-438D8C4CE4C9}
		{DB463687-9513-4DD3-94EE-3D47AC4E71DB} = {0B068D39-B57C-4424-9BB8-438D8C4CE4C9}
		{24D19B53-0C9C-451E-A7BE-04B0BAFAABE7} = {0D20B888-DEE4-4F8A-B875-21DE003A8AA8}
		{0F514A37-36A8-413A-B1C4-961B8075DDF5} = {4226794F-3EB8-4EEE-A946-D60A0998A5B0}
		{4ED5A4DA-3361-4EE9-9750-153915B99A92} = {4226794F-3EB8-4EEE-A946-D60A0998A5B0}
		{5BC57D31-F5B3-4E7A-9370-255179DE07F1} = {4226794F-3EB8-4EEE-A946-D60A0998A5B0}
		{B7F726B4-000B-47CE-82E2-4A80551CAB5C} = {4226794F-3EB8-4EEE-A946-D60A0998A5B0}
	EndGlobalSection
	GlobalSection(ExtensibilityGlobals) = postSolution
		SolutionGuid = {8388B567-277D-4CD7-97AA-17FFAA481B63}
	EndGlobalSection
EndGlobal
