
Microsoft Visual Studio Solution File, Format Version 12.00
# Visual Studio 15
VisualStudioVersion = 15.0.27703.2026
MinimumVisualStudioVersion = 10.0.40219.1
Project("{FAE04EC0-301F-11D3-BF4B-00C04F79EFBC}") = "SSO.Web.Sample", "SSO.Web.Sample.csproj", "{83817314-67AA-4BFA-9F2C-490477567EA1}"
EndProject
Global
	GlobalSection(SolutionConfigurationPlatforms) = preSolution
		Debug|Any CPU = Debug|Any CPU
		Release|Any CPU = Release|Any CPU
	EndGlobalSection
	GlobalSection(ProjectConfigurationPlatforms) = postSolution
		{83817314-67AA-4BFA-9F2C-490477567EA1}.Debug|Any CPU.ActiveCfg = Debug|Any CPU
		{83817314-67AA-4BFA-9F2C-490477567EA1}.Debug|Any CPU.Build.0 = Debug|Any CPU
		{83817314-67AA-4BFA-9F2C-490477567EA1}.Release|Any CPU.ActiveCfg = Release|Any CPU
		{83817314-67AA-4BFA-9F2C-490477567EA1}.Release|Any CPU.Build.0 = Release|Any CPU
	EndGlobalSection
	GlobalSection(SolutionProperties) = preSolution
		HideSolutionNode = FALSE
	EndGlobalSection
	GlobalSection(ExtensibilityGlobals) = postSolution
		SolutionGuid = {4FE0745B-C2C5-4F98-A069-5495170E3651}
	EndGlobalSection
EndGlobal
